<?xml version="1.0" encoding="utf-8"?>
<Project ToolsVersion="4.0" xmlns="http://schemas.microsoft.com/developer/msbuild/2003">
  <ItemGroup>
    <ClCompile Include="final_testbed.cpp" />
  </ItemGroup>
  <ItemGroup>
    <Filter Include="additions">
      <UniqueIdentifier>{6609cbcb-6ea1-46f8-bd7b-ea64606190c9}</UniqueIdentifier>
    </Filter>
    <Filter Include="dependencies">
      <UniqueIdentifier>{06fb145e-de84-4c26-9073-ff02e0c679ac}</UniqueIdentifier>
    </Filter>
  </ItemGroup>
  <ItemGroup>
    <ClInclude Include="..\additions\final_arrayinitializer.h">
      <Filter>additions</Filter>
    </ClInclude>
    <ClInclude Include="..\additions\final_audiosystem.h">
      <Filter>additions</Filter>
    </ClInclude>
    <ClInclude Include="..\additions\final_fontloader.h">
      <Filter>additions</Filter>
    </ClInclude>
    <ClInclude Include="..\additions\final_game.h">
      <Filter>additions</Filter>
    </ClInclude>
    <ClInclude Include="..\additions\final_gameplatform.h">
      <Filter>additions</Filter>
    </ClInclude>
    <ClInclude Include="..\additions\final_math.h">
      <Filter>additions</Filter>
    </ClInclude>
    <ClInclude Include="..\additions\final_opengl_render.h">
      <Filter>additions</Filter>
    </ClInclude>
    <ClInclude Include="..\additions\final_render.h">
      <Filter>additions</Filter>
    </ClInclude>
    <ClInclude Include="..\additions\final_vecmath.h">
      <Filter>additions</Filter>
    </ClInclude>
    <ClInclude Include="..\additions\final_waveloader.h">
      <Filter>additions</Filter>
    </ClInclude>
    <ClInclude Include="..\additions\final_xml.h">
      <Filter>additions</Filter>
    </ClInclude>
    <ClInclude Include="..\..\final_dynamic_opengl.h">
      <Filter>dependencies</Filter>
    </ClInclude>
    <ClInclude Include="..\..\final_memory.h">
      <Filter>dependencies</Filter>
    </ClInclude>
    <ClInclude Include="..\..\final_platform_layer.h">
      <Filter>dependencies</Filter>
    </ClInclude>
    <ClInclude Include="..\..\final_xml.h">
      <Filter>dependencies</Filter>
    </ClInclude>
    <ClInclude Include="static_data.h" />
    <ClInclude Include="..\additions\final_utils.h">
      <Filter>additions</Filter>
    </ClInclude>
  </ItemGroup>
</Project>