<?xml version="1.0" encoding="utf-8"?>
<Project ToolsVersion="4.0" xmlns="http://schemas.microsoft.com/developer/msbuild/2003">
  <ItemGroup>
    <ClCompile Include="fpl_crackout.cpp" />
  </ItemGroup>
  <ItemGroup>
    <ClInclude Include="..\..\final_platform_layer.h">
      <Filter>dependencies</Filter>
    </ClInclude>
    <ClInclude Include="..\..\final_dynamic_opengl.h">
      <Filter>dependencies</Filter>
    </ClInclude>
    <ClInclude Include="..\additions\final_fontloader.h">
      <Filter>additions</Filter>
    </ClInclude>
    <ClInclude Include="..\additions\final_game.h">
      <Filter>additions</Filter>
    </ClInclude>
    <ClInclude Include="..\additions\final_gameplatform.h">
      <Filter>additions</Filter>
    </ClInclude>
    <ClInclude Include="..\additions\final_render.h">
      <Filter>additions</Filter>
    </ClInclude>
    <ClInclude Include="..\additions\final_arrayinitializer.h">
      <Filter>additions</Filter>
    </ClInclude>
    <ClInclude Include="..\additions\final_opengl_render.h">
      <Filter>additions</Filter>
    </ClInclude>
    <ClInclude Include="..\additions\final_math.h">
      <Filter>additions</Filter>
    </ClInclude>
  </ItemGroup>
  <ItemGroup>
    <Filter Include="dependencies">
      <UniqueIdentifier>{b6f6e775-8850-40cc-a8d6-7f5d2b26fb8e}</UniqueIdentifier>
    </Filter>
    <Filter Include="additions">
      <UniqueIdentifier>{d91dcf2f-8b0e-41ff-ad53-02110b7d764a}</UniqueIdentifier>
    </Filter>
  </ItemGroup>
</Project>