<?xml version="1.0" encoding="utf-8"?>
<Project ToolsVersion="4.0" xmlns="http://schemas.microsoft.com/developer/msbuild/2003">
  <ItemGroup>
    <ClCompile Include="fpl_gametemplate.cpp" />
  </ItemGroup>
  <ItemGroup>
    <ClInclude Include="fpl_gametemplate.h" />
    <ClInclude Include="..\additions\final_assets.h">
      <Filter>Dependencies</Filter>
    </ClInclude>
    <ClInclude Include="..\..\final_dynamic_opengl.h">
      <Filter>Dependencies</Filter>
    </ClInclude>
    <ClInclude Include="..\additions\final_fontloader.h">
      <Filter>Dependencies</Filter>
    </ClInclude>
    <ClInclude Include="..\additions\final_game.h">
      <Filter>Dependencies</Filter>
    </ClInclude>
    <ClInclude Include="..\additions\final_gameplatform.h">
      <Filter>Dependencies</Filter>
    </ClInclude>
    <ClInclude Include="..\additions\final_math.h">
      <Filter>Dependencies</Filter>
    </ClInclude>
    <ClInclude Include="..\..\final_memory.h">
      <Filter>Dependencies</Filter>
    </ClInclude>
    <ClInclude Include="..\additions\final_opengl_render.h">
      <Filter>Dependencies</Filter>
    </ClInclude>
    <ClInclude Include="..\..\final_platform_layer.h">
      <Filter>Dependencies</Filter>
    </ClInclude>
    <ClInclude Include="..\additions\final_render.h">
      <Filter>Dependencies</Filter>
    </ClInclude>
    <ClInclude Include="..\..\final_xml.h">
      <Filter>Dependencies</Filter>
    </ClInclude>
  </ItemGroup>
  <ItemGroup>
    <Filter Include="Dependencies">
      <UniqueIdentifier>{719e617b-27fa-4a90-a737-567937de1f11}</UniqueIdentifier>
    </Filter>
  </ItemGroup>
</Project>