<?xml version="1.0" encoding="utf-8"?>
<Project ToolsVersion="4.0" xmlns="http://schemas.microsoft.com/developer/msbuild/2003">
  <ItemGroup>
    <ClCompile Include="fpl_minial.c" />
  </ItemGroup>
  <ItemGroup>
    <ClInclude Include="..\..\final_platform_layer.h" />
    <ClInclude Include="..\dependencies\minial\mini_al.h" />
  </ItemGroup>
</Project>