<?xml version="1.0" encoding="utf-8"?>
<Project ToolsVersion="4.0" xmlns="http://schemas.microsoft.com/developer/msbuild/2003">
  <ItemGroup>
    <ClCompile Include="fpl_platformer.c" />
    <ClCompile Include="physics.c" />
    <ClCompile Include="map.c" />
    <ClCompile Include="entity.c" />
    <ClCompile Include="world.c" />
    <ClCompile Include="common.c" />
    <ClCompile Include="editor.c" />
    <ClCompile Include="assets.c" />
    <ClCompile Include="game.c" />
  </ItemGroup>
  <ItemGroup>
    <ClInclude Include="physics.h" />
    <ClInclude Include="map.h" />
    <ClInclude Include="world.h" />
    <ClInclude Include="entity.h" />
    <ClInclude Include="common.h" />
    <ClInclude Include="editor.h" />
    <ClInclude Include="assets.h" />
    <ClInclude Include="camera.h" />
    <ClInclude Include="..\additions\final_assets.h">
      <Filter>Dependencies</Filter>
    </ClInclude>
    <ClInclude Include="..\additions\final_audio.h">
      <Filter>Dependencies</Filter>
    </ClInclude>
    <ClInclude Include="..\additions\final_audioconversion.h">
      <Filter>Dependencies</Filter>
    </ClInclude>
    <ClInclude Include="..\additions\final_audiodemo.h">
      <Filter>Dependencies</Filter>
    </ClInclude>
    <ClInclude Include="..\additions\final_audiosystem.h">
      <Filter>Dependencies</Filter>
    </ClInclude>
    <ClInclude Include="..\additions\final_buffer.h">
      <Filter>Dependencies</Filter>
    </ClInclude>
    <ClInclude Include="..\additions\final_debug.h">
      <Filter>Dependencies</Filter>
    </ClInclude>
    <ClInclude Include="..\additions\final_fontloader.h">
      <Filter>Dependencies</Filter>
    </ClInclude>
    <ClInclude Include="..\additions\final_fonts.h">
      <Filter>Dependencies</Filter>
    </ClInclude>
    <ClInclude Include="..\additions\final_game.h">
      <Filter>Dependencies</Filter>
    </ClInclude>
    <ClInclude Include="..\additions\final_gameplatform.h">
      <Filter>Dependencies</Filter>
    </ClInclude>
    <ClInclude Include="..\additions\final_geometry.h">
      <Filter>Dependencies</Filter>
    </ClInclude>
    <ClInclude Include="..\additions\final_graphics.h">
      <Filter>Dependencies</Filter>
    </ClInclude>
    <ClInclude Include="..\additions\final_math.h">
      <Filter>Dependencies</Filter>
    </ClInclude>
    <ClInclude Include="..\additions\final_mp3loader.h">
      <Filter>Dependencies</Filter>
    </ClInclude>
    <ClInclude Include="..\additions\final_music.h">
      <Filter>Dependencies</Filter>
    </ClInclude>
    <ClInclude Include="..\additions\final_opengl_render.h">
      <Filter>Dependencies</Filter>
    </ClInclude>
    <ClInclude Include="..\additions\final_random.h">
      <Filter>Dependencies</Filter>
    </ClInclude>
    <ClInclude Include="..\additions\final_render.h">
      <Filter>Dependencies</Filter>
    </ClInclude>
    <ClInclude Include="..\additions\final_utils.h">
      <Filter>Dependencies</Filter>
    </ClInclude>
    <ClInclude Include="..\additions\final_vorbisloader.h">
      <Filter>Dependencies</Filter>
    </ClInclude>
    <ClInclude Include="..\additions\final_waveloader.h">
      <Filter>Dependencies</Filter>
    </ClInclude>
    <ClInclude Include="..\additions\final_xml.h">
      <Filter>Dependencies</Filter>
    </ClInclude>
    <ClInclude Include="game.h" />
  </ItemGroup>
  <ItemGroup>
    <Filter Include="Dependencies">
      <UniqueIdentifier>{719e617b-27fa-4a90-a737-567937de1f11}</UniqueIdentifier>
    </Filter>
  </ItemGroup>
</Project>