<?xml version="1.0" encoding="utf-8"?>
<Project ToolsVersion="4.0" xmlns="http://schemas.microsoft.com/developer/msbuild/2003">
  <ItemGroup>
    <ClCompile Include="fpl_platformer.c" />
    <ClCompile Include="physics.c" />
    <ClCompile Include="map.c" />
    <ClCompile Include="entity.c" />
    <ClCompile Include="world.c" />
    <ClCompile Include="common.c" />
    <ClCompile Include="editor.c" />
    <ClCompile Include="assets.c" />
  </ItemGroup>
  <ItemGroup>
    <ClInclude Include="physics.h" />
    <ClInclude Include="map.h" />
    <ClInclude Include="world.h" />
    <ClInclude Include="entity.h" />
    <ClInclude Include="common.h" />
    <ClInclude Include="editor.h" />
    <ClInclude Include="assets.h" />
  </ItemGroup>
  <ItemGroup>
    <Filter Include="Dependencies">
      <UniqueIdentifier>{719e617b-27fa-4a90-a737-567937de1f11}</UniqueIdentifier>
    </Filter>
  </ItemGroup>
</Project>