
Microsoft Visual Studio Solution File, Format Version 12.00
# Visual Studio Version 17
Project("{2150E333-8FDC-42A3-9474-1A3956D46DE8}") = "Apps", "Apps", "{608BC25D-4C43-04AB-B54A-DD06A1219F9B}"
EndProject
Project("{8BC9CEB8-8B4A-11D0-8D11-00A0C91BC942}") = "FontRendering", "FontRendering\FontRendering.vcxproj", "{9A342007-06F5-9B3D-CF2F-E5BA3BAFE019}"
EndProject
Project("{8BC9CEB8-8B4A-11D0-8D11-00A0C91BC942}") = "OpenGLExtParser", "OpenGLExtParser\OpenGLExtParser.vcxproj", "{08BDB538-7448-23FD-7D59-A6F1E9637FFD}"
EndProject
Project("{8BC9CEB8-8B4A-11D0-8D11-00A0C91BC942}") = "Win32WindowTest", "Win32WindowTest\Win32WindowTest.vcxproj", "{B0E66013-1C72-CED7-2583-51CC918D2AD8}"
EndProject
Project("{8BC9CEB8-8B4A-11D0-8D11-00A0C91BC942}") = "gamepaddbgen", "gamepaddbgen\gamepaddbgen.vcxproj", "{347E71B8-20E1-005D-C966-3913B5A8CCDF}"
EndProject
Project("{8BC9CEB8-8B4A-11D0-8D11-00A0C91BC942}") = "mathtest", "mathtest\mathtest.vcxproj", "{2FA9BD54-1B76-1860-448F-060830BB4DEE}"
EndProject
Project("{8BC9CEB8-8B4A-11D0-8D11-00A0C91BC942}") = "staticdatamaker", "staticdatamaker\staticdatamaker.vcxproj", "{B72CDC20-23B8-49E5-2CC9-CCD998D3A5E5}"
EndProject
Project("{8BC9CEB8-8B4A-11D0-8D11-00A0C91BC942}") = "tiletracetest", "tiletracetest\tiletracetest.vcxproj", "{A269FD69-0E2A-79A0-D764-C21D43E4BD7C}"
EndProject
Global
	GlobalSection(SolutionConfigurationPlatforms) = preSolution
		Debug|WinX64 = Debug|WinX64
		Release|WinX64 = Release|WinX64
	EndGlobalSection
	GlobalSection(SolutionConfigurationPlatforms) = preSolution
		Debug|WinX86 = Debug|WinX86
		Release|WinX86 = Release|WinX86
	EndGlobalSection
	GlobalSection(ProjectConfigurationPlatforms) = postSolution
		{9A342007-06F5-9B3D-CF2F-E5BA3BAFE019}.Debug|WinX64.ActiveCfg = Debug WinX64|x64
		{9A342007-06F5-9B3D-CF2F-E5BA3BAFE019}.Debug|WinX64.Build.0 = Debug WinX64|x64
		{9A342007-06F5-9B3D-CF2F-E5BA3BAFE019}.Debug|WinX86.ActiveCfg = Debug WinX86|Win32
		{9A342007-06F5-9B3D-CF2F-E5BA3BAFE019}.Debug|WinX86.Build.0 = Debug WinX86|Win32
		{9A342007-06F5-9B3D-CF2F-E5BA3BAFE019}.Release|WinX64.ActiveCfg = Release WinX64|x64
		{9A342007-06F5-9B3D-CF2F-E5BA3BAFE019}.Release|WinX64.Build.0 = Release WinX64|x64
		{9A342007-06F5-9B3D-CF2F-E5BA3BAFE019}.Release|WinX86.ActiveCfg = Release WinX86|Win32
		{9A342007-06F5-9B3D-CF2F-E5BA3BAFE019}.Release|WinX86.Build.0 = Release WinX86|Win32
		{08BDB538-7448-23FD-7D59-A6F1E9637FFD}.Debug|WinX64.ActiveCfg = Debug WinX64|x64
		{08BDB538-7448-23FD-7D59-A6F1E9637FFD}.Debug|WinX64.Build.0 = Debug WinX64|x64
		{08BDB538-7448-23FD-7D59-A6F1E9637FFD}.Debug|WinX86.ActiveCfg = Debug WinX86|Win32
		{08BDB538-7448-23FD-7D59-A6F1E9637FFD}.Debug|WinX86.Build.0 = Debug WinX86|Win32
		{08BDB538-7448-23FD-7D59-A6F1E9637FFD}.Release|WinX64.ActiveCfg = Release WinX64|x64
		{08BDB538-7448-23FD-7D59-A6F1E9637FFD}.Release|WinX64.Build.0 = Release WinX64|x64
		{08BDB538-7448-23FD-7D59-A6F1E9637FFD}.Release|WinX86.ActiveCfg = Release WinX86|Win32
		{08BDB538-7448-23FD-7D59-A6F1E9637FFD}.Release|WinX86.Build.0 = Release WinX86|Win32
		{B0E66013-1C72-CED7-2583-51CC918D2AD8}.Debug|WinX64.ActiveCfg = Debug WinX64|x64
		{B0E66013-1C72-CED7-2583-51CC918D2AD8}.Debug|WinX64.Build.0 = Debug WinX64|x64
		{B0E66013-1C72-CED7-2583-51CC918D2AD8}.Debug|WinX86.ActiveCfg = Debug WinX86|Win32
		{B0E66013-1C72-CED7-2583-51CC918D2AD8}.Debug|WinX86.Build.0 = Debug WinX86|Win32
		{B0E66013-1C72-CED7-2583-51CC918D2AD8}.Release|WinX64.ActiveCfg = Release WinX64|x64
		{B0E66013-1C72-CED7-2583-51CC918D2AD8}.Release|WinX64.Build.0 = Release WinX64|x64
		{B0E66013-1C72-CED7-2583-51CC918D2AD8}.Release|WinX86.ActiveCfg = Release WinX86|Win32
		{B0E66013-1C72-CED7-2583-51CC918D2AD8}.Release|WinX86.Build.0 = Release WinX86|Win32
		{347E71B8-20E1-005D-C966-3913B5A8CCDF}.Debug|WinX64.ActiveCfg = Debug WinX64|x64
		{347E71B8-20E1-005D-C966-3913B5A8CCDF}.Debug|WinX64.Build.0 = Debug WinX64|x64
		{347E71B8-20E1-005D-C966-3913B5A8CCDF}.Debug|WinX86.ActiveCfg = Debug WinX86|Win32
		{347E71B8-20E1-005D-C966-3913B5A8CCDF}.Debug|WinX86.Build.0 = Debug WinX86|Win32
		{347E71B8-20E1-005D-C966-3913B5A8CCDF}.Release|WinX64.ActiveCfg = Release WinX64|x64
		{347E71B8-20E1-005D-C966-3913B5A8CCDF}.Release|WinX64.Build.0 = Release WinX64|x64
		{347E71B8-20E1-005D-C966-3913B5A8CCDF}.Release|WinX86.ActiveCfg = Release WinX86|Win32
		{347E71B8-20E1-005D-C966-3913B5A8CCDF}.Release|WinX86.Build.0 = Release WinX86|Win32
		{2FA9BD54-1B76-1860-448F-060830BB4DEE}.Debug|WinX64.ActiveCfg = Debug WinX64|x64
		{2FA9BD54-1B76-1860-448F-060830BB4DEE}.Debug|WinX64.Build.0 = Debug WinX64|x64
		{2FA9BD54-1B76-1860-448F-060830BB4DEE}.Debug|WinX86.ActiveCfg = Debug WinX86|Win32
		{2FA9BD54-1B76-1860-448F-060830BB4DEE}.Debug|WinX86.Build.0 = Debug WinX86|Win32
		{2FA9BD54-1B76-1860-448F-060830BB4DEE}.Release|WinX64.ActiveCfg = Release WinX64|x64
		{2FA9BD54-1B76-1860-448F-060830BB4DEE}.Release|WinX64.Build.0 = Release WinX64|x64
		{2FA9BD54-1B76-1860-448F-060830BB4DEE}.Release|WinX86.ActiveCfg = Release WinX86|Win32
		{2FA9BD54-1B76-1860-448F-060830BB4DEE}.Release|WinX86.Build.0 = Release WinX86|Win32
		{B72CDC20-23B8-49E5-2CC9-CCD998D3A5E5}.Debug|WinX64.ActiveCfg = Debug WinX64|x64
		{B72CDC20-23B8-49E5-2CC9-CCD998D3A5E5}.Debug|WinX64.Build.0 = Debug WinX64|x64
		{B72CDC20-23B8-49E5-2CC9-CCD998D3A5E5}.Debug|WinX86.ActiveCfg = Debug WinX86|Win32
		{B72CDC20-23B8-49E5-2CC9-CCD998D3A5E5}.Debug|WinX86.Build.0 = Debug WinX86|Win32
		{B72CDC20-23B8-49E5-2CC9-CCD998D3A5E5}.Release|WinX64.ActiveCfg = Release WinX64|x64
		{B72CDC20-23B8-49E5-2CC9-CCD998D3A5E5}.Release|WinX64.Build.0 = Release WinX64|x64
		{B72CDC20-23B8-49E5-2CC9-CCD998D3A5E5}.Release|WinX86.ActiveCfg = Release WinX86|Win32
		{B72CDC20-23B8-49E5-2CC9-CCD998D3A5E5}.Release|WinX86.Build.0 = Release WinX86|Win32
		{A269FD69-0E2A-79A0-D764-C21D43E4BD7C}.Debug|WinX64.ActiveCfg = Debug WinX64|x64
		{A269FD69-0E2A-79A0-D764-C21D43E4BD7C}.Debug|WinX64.Build.0 = Debug WinX64|x64
		{A269FD69-0E2A-79A0-D764-C21D43E4BD7C}.Debug|WinX86.ActiveCfg = Debug WinX86|Win32
		{A269FD69-0E2A-79A0-D764-C21D43E4BD7C}.Debug|WinX86.Build.0 = Debug WinX86|Win32
		{A269FD69-0E2A-79A0-D764-C21D43E4BD7C}.Release|WinX64.ActiveCfg = Release WinX64|x64
		{A269FD69-0E2A-79A0-D764-C21D43E4BD7C}.Release|WinX64.Build.0 = Release WinX64|x64
		{A269FD69-0E2A-79A0-D764-C21D43E4BD7C}.Release|WinX86.ActiveCfg = Release WinX86|Win32
		{A269FD69-0E2A-79A0-D764-C21D43E4BD7C}.Release|WinX86.Build.0 = Release WinX86|Win32
	EndGlobalSection
	GlobalSection(SolutionProperties) = preSolution
		HideSolutionNode = FALSE
	EndGlobalSection
	GlobalSection(NestedProjects) = preSolution
		{9A342007-06F5-9B3D-CF2F-E5BA3BAFE019} = {608BC25D-4C43-04AB-B54A-DD06A1219F9B}
		{08BDB538-7448-23FD-7D59-A6F1E9637FFD} = {608BC25D-4C43-04AB-B54A-DD06A1219F9B}
		{B0E66013-1C72-CED7-2583-51CC918D2AD8} = {608BC25D-4C43-04AB-B54A-DD06A1219F9B}
		{347E71B8-20E1-005D-C966-3913B5A8CCDF} = {608BC25D-4C43-04AB-B54A-DD06A1219F9B}
		{2FA9BD54-1B76-1860-448F-060830BB4DEE} = {608BC25D-4C43-04AB-B54A-DD06A1219F9B}
		{B72CDC20-23B8-49E5-2CC9-CCD998D3A5E5} = {608BC25D-4C43-04AB-B54A-DD06A1219F9B}
		{A269FD69-0E2A-79A0-D764-C21D43E4BD7C} = {608BC25D-4C43-04AB-B54A-DD06A1219F9B}
	EndGlobalSection
EndGlobal
