
Microsoft Visual Studio Solution File, Format Version 12.00
# Visual Studio Version 17
VisualStudioVersion = 17.11.35219.272
MinimumVisualStudioVersion = 10.0.40219.1
Project("{8BC9CEB8-8B4A-11D0-8D11-00A0C91BC942}") = "networkserver", "networkserver\networkserver.vcxproj", "{5DAAD83C-C8C0-42C1-A246-2DCA6F438267}"
EndProject
Project("{8BC9CEB8-8B4A-11D0-8D11-00A0C91BC942}") = "networkclient", "networkclient\networkclient.vcxproj", "{7972324B-054D-489B-9906-511D01E55725}"
EndProject
Global
	GlobalSection(SolutionConfigurationPlatforms) = preSolution
		Debug|x64 = Debug|x64
		Debug|x86 = Debug|x86
		Release|x64 = Release|x64
		Release|x86 = Release|x86
	EndGlobalSection
	GlobalSection(ProjectConfigurationPlatforms) = postSolution
		{5DAAD83C-C8C0-42C1-A246-2DCA6F438267}.Debug|x64.ActiveCfg = Debug|x64
		{5DAAD83C-C8C0-42C1-A246-2DCA6F438267}.Debug|x64.Build.0 = Debug|x64
		{5DAAD83C-C8C0-42C1-A246-2DCA6F438267}.Debug|x86.ActiveCfg = Debug|Win32
		{5DAAD83C-C8C0-42C1-A246-2DCA6F438267}.Debug|x86.Build.0 = Debug|Win32
		{5DAAD83C-C8C0-42C1-A246-2DCA6F438267}.Release|x64.ActiveCfg = Release|x64
		{5DAAD83C-C8C0-42C1-A246-2DCA6F438267}.Release|x64.Build.0 = Release|x64
		{5DAAD83C-C8C0-42C1-A246-2DCA6F438267}.Release|x86.ActiveCfg = Release|Win32
		{5DAAD83C-C8C0-42C1-A246-2DCA6F438267}.Release|x86.Build.0 = Release|Win32
		{7972324B-054D-489B-9906-511D01E55725}.Debug|x64.ActiveCfg = Debug|x64
		{7972324B-054D-489B-9906-511D01E55725}.Debug|x64.Build.0 = Debug|x64
		{7972324B-054D-489B-9906-511D01E55725}.Debug|x86.ActiveCfg = Debug|Win32
		{7972324B-054D-489B-9906-511D01E55725}.Debug|x86.Build.0 = Debug|Win32
		{7972324B-054D-489B-9906-511D01E55725}.Release|x64.ActiveCfg = Release|x64
		{7972324B-054D-489B-9906-511D01E55725}.Release|x64.Build.0 = Release|x64
		{7972324B-054D-489B-9906-511D01E55725}.Release|x86.ActiveCfg = Release|Win32
		{7972324B-054D-489B-9906-511D01E55725}.Release|x86.Build.0 = Release|Win32
	EndGlobalSection
	GlobalSection(SolutionProperties) = preSolution
		HideSolutionNode = FALSE
	EndGlobalSection
	GlobalSection(ExtensibilityGlobals) = postSolution
		SolutionGuid = {047340D5-5277-402D-A030-9A5A756402FE}
	EndGlobalSection
EndGlobal
