
Microsoft Visual Studio Solution File, Format Version 12.00
# Visual Studio 14
VisualStudioVersion = 14.0.25420.1
MinimumVisualStudioVersion = 10.0.40219.1
Project("{8BC9CEB8-8B4A-11D0-8D11-00A0C91BC942}") = "FPL_OpenGL", "FPL_OpenGL\FPL_OpenGL.vcxproj", "{4D324317-CB24-4B90-AEDA-EA084FF25C2D}"
EndProject
Project("{8BC9CEB8-8B4A-11D0-8D11-00A0C91BC942}") = "FPL_Console", "FPL_Console\FPL_Console.vcxproj", "{C3210A26-9861-42E9-8966-20682380CDD7}"
EndProject
Project("{8BC9CEB8-8B4A-11D0-8D11-00A0C91BC942}") = "FPL_ImGui", "FPL_ImGui\FPL_ImGui.vcxproj", "{BD5796B9-EF6B-45BD-8FB2-E737EE0750ED}"
EndProject
Project("{8BC9CEB8-8B4A-11D0-8D11-00A0C91BC942}") = "FTT_TileTracingDemo", "FTT_TileTracingDemo\FTT_TileTracingDemo.vcxproj", "{860278D2-7E35-41E8-A950-ADB53236C37F}"
EndProject
Project("{8BC9CEB8-8B4A-11D0-8D11-00A0C91BC942}") = "FOGL_Test", "FOGL_Test\FOGL_Test.vcxproj", "{559B02CC-DCF3-4AF1-80BC-78C78D04E197}"
EndProject
Project("{8BC9CEB8-8B4A-11D0-8D11-00A0C91BC942}") = "FPL_Cpp", "FPL_Cpp\FPL_Cpp.vcxproj", "{9179B4A1-2960-4F36-AEA8-455A87C979B6}"
EndProject
Global
	GlobalSection(SolutionConfigurationPlatforms) = preSolution
		Debug|x64 = Debug|x64
		Debug|x86 = Debug|x86
		Release|x64 = Release|x64
		Release|x86 = Release|x86
	EndGlobalSection
	GlobalSection(ProjectConfigurationPlatforms) = postSolution
		{4D324317-CB24-4B90-AEDA-EA084FF25C2D}.Debug|x64.ActiveCfg = Debug|x64
		{4D324317-CB24-4B90-AEDA-EA084FF25C2D}.Debug|x64.Build.0 = Debug|x64
		{4D324317-CB24-4B90-AEDA-EA084FF25C2D}.Debug|x86.ActiveCfg = Debug|Win32
		{4D324317-CB24-4B90-AEDA-EA084FF25C2D}.Debug|x86.Build.0 = Debug|Win32
		{4D324317-CB24-4B90-AEDA-EA084FF25C2D}.Release|x64.ActiveCfg = Release|x64
		{4D324317-CB24-4B90-AEDA-EA084FF25C2D}.Release|x64.Build.0 = Release|x64
		{4D324317-CB24-4B90-AEDA-EA084FF25C2D}.Release|x86.ActiveCfg = Release|Win32
		{4D324317-CB24-4B90-AEDA-EA084FF25C2D}.Release|x86.Build.0 = Release|Win32
		{C3210A26-9861-42E9-8966-20682380CDD7}.Debug|x64.ActiveCfg = Debug|x64
		{C3210A26-9861-42E9-8966-20682380CDD7}.Debug|x64.Build.0 = Debug|x64
		{C3210A26-9861-42E9-8966-20682380CDD7}.Debug|x86.ActiveCfg = Debug|Win32
		{C3210A26-9861-42E9-8966-20682380CDD7}.Debug|x86.Build.0 = Debug|Win32
		{C3210A26-9861-42E9-8966-20682380CDD7}.Release|x64.ActiveCfg = Release|x64
		{C3210A26-9861-42E9-8966-20682380CDD7}.Release|x64.Build.0 = Release|x64
		{C3210A26-9861-42E9-8966-20682380CDD7}.Release|x86.ActiveCfg = Release|Win32
		{C3210A26-9861-42E9-8966-20682380CDD7}.Release|x86.Build.0 = Release|Win32
		{BD5796B9-EF6B-45BD-8FB2-E737EE0750ED}.Debug|x64.ActiveCfg = Debug|x64
		{BD5796B9-EF6B-45BD-8FB2-E737EE0750ED}.Debug|x64.Build.0 = Debug|x64
		{BD5796B9-EF6B-45BD-8FB2-E737EE0750ED}.Debug|x86.ActiveCfg = Debug|Win32
		{BD5796B9-EF6B-45BD-8FB2-E737EE0750ED}.Debug|x86.Build.0 = Debug|Win32
		{BD5796B9-EF6B-45BD-8FB2-E737EE0750ED}.Release|x64.ActiveCfg = Release|x64
		{BD5796B9-EF6B-45BD-8FB2-E737EE0750ED}.Release|x64.Build.0 = Release|x64
		{BD5796B9-EF6B-45BD-8FB2-E737EE0750ED}.Release|x86.ActiveCfg = Release|Win32
		{BD5796B9-EF6B-45BD-8FB2-E737EE0750ED}.Release|x86.Build.0 = Release|Win32
		{860278D2-7E35-41E8-A950-ADB53236C37F}.Debug|x64.ActiveCfg = Debug|x64
		{860278D2-7E35-41E8-A950-ADB53236C37F}.Debug|x64.Build.0 = Debug|x64
		{860278D2-7E35-41E8-A950-ADB53236C37F}.Debug|x86.ActiveCfg = Debug|Win32
		{860278D2-7E35-41E8-A950-ADB53236C37F}.Debug|x86.Build.0 = Debug|Win32
		{860278D2-7E35-41E8-A950-ADB53236C37F}.Release|x64.ActiveCfg = Release|x64
		{860278D2-7E35-41E8-A950-ADB53236C37F}.Release|x64.Build.0 = Release|x64
		{860278D2-7E35-41E8-A950-ADB53236C37F}.Release|x86.ActiveCfg = Release|Win32
		{860278D2-7E35-41E8-A950-ADB53236C37F}.Release|x86.Build.0 = Release|Win32
		{559B02CC-DCF3-4AF1-80BC-78C78D04E197}.Debug|x64.ActiveCfg = Debug|x64
		{559B02CC-DCF3-4AF1-80BC-78C78D04E197}.Debug|x64.Build.0 = Debug|x64
		{559B02CC-DCF3-4AF1-80BC-78C78D04E197}.Debug|x86.ActiveCfg = Debug|Win32
		{559B02CC-DCF3-4AF1-80BC-78C78D04E197}.Debug|x86.Build.0 = Debug|Win32
		{559B02CC-DCF3-4AF1-80BC-78C78D04E197}.Release|x64.ActiveCfg = Release|x64
		{559B02CC-DCF3-4AF1-80BC-78C78D04E197}.Release|x64.Build.0 = Release|x64
		{559B02CC-DCF3-4AF1-80BC-78C78D04E197}.Release|x86.ActiveCfg = Release|Win32
		{559B02CC-DCF3-4AF1-80BC-78C78D04E197}.Release|x86.Build.0 = Release|Win32
		{9179B4A1-2960-4F36-AEA8-455A87C979B6}.Debug|x64.ActiveCfg = Debug|x64
		{9179B4A1-2960-4F36-AEA8-455A87C979B6}.Debug|x64.Build.0 = Debug|x64
		{9179B4A1-2960-4F36-AEA8-455A87C979B6}.Debug|x86.ActiveCfg = Debug|Win32
		{9179B4A1-2960-4F36-AEA8-455A87C979B6}.Debug|x86.Build.0 = Debug|Win32
		{9179B4A1-2960-4F36-AEA8-455A87C979B6}.Release|x64.ActiveCfg = Release|x64
		{9179B4A1-2960-4F36-AEA8-455A87C979B6}.Release|x64.Build.0 = Release|x64
		{9179B4A1-2960-4F36-AEA8-455A87C979B6}.Release|x86.ActiveCfg = Release|Win32
		{9179B4A1-2960-4F36-AEA8-455A87C979B6}.Release|x86.Build.0 = Release|Win32
	EndGlobalSection
	GlobalSection(SolutionProperties) = preSolution
		HideSolutionNode = FALSE
	EndGlobalSection
EndGlobal
