
Microsoft Visual Studio Solution File, Format Version 12.00
# Visual Studio Version 16
Project("{2150E333-8FDC-42A3-9474-1A3956D46DE8}") = "Apps", "Apps", "{608BC25D-4C43-04AB-B54A-DD06A1219F9B}"
EndProject
Project("{8BC9CEB8-8B4A-11D0-8D11-00A0C91BC942}") = "FPL_FFMpeg", "FPL_FFMpeg\FPL_FFMpeg.vcxproj", "{5B8F4414-4747-8661-B04E-5FBD9C252152}"
EndProject
Project("{8BC9CEB8-8B4A-11D0-8D11-00A0C91BC942}") = "FPL_ImageViewer", "FPL_ImageViewer\FPL_ImageViewer.vcxproj", "{5BB8D39D-C743-4162-D054-C4563C5F9D62}"
EndProject
Project("{8BC9CEB8-8B4A-11D0-8D11-00A0C91BC942}") = "FPL_NBodySimulation", "FPL_NBodySimulation\FPL_NBodySimulation.vcxproj", "{E7D9EC8E-533B-CA9C-DCA8-104F4809015C}"
EndProject
Project("{8BC9CEB8-8B4A-11D0-8D11-00A0C91BC942}") = "FPL_Raytracer", "FPL_Raytracer\FPL_Raytracer.vcxproj", "{D38F67D2-3F50-E308-088B-2C86740A28E5}"
EndProject
Project("{2150E333-8FDC-42A3-9474-1A3956D46DE8}") = "Audio", "Audio", "{5E811616-CA36-8F0B-532B-89E2BFDF850F}"
EndProject
Project("{8BC9CEB8-8B4A-11D0-8D11-00A0C91BC942}") = "FPL_AudioPlayer", "FPL_AudioPlayer\FPL_AudioPlayer.vcxproj", "{652037BD-D1AB-A481-DABC-277646C70082}"
EndProject
Project("{8BC9CEB8-8B4A-11D0-8D11-00A0C91BC942}") = "FPL_SimpleAudio", "FPL_SimpleAudio\FPL_SimpleAudio.vcxproj", "{A2FC77C2-0E88-E586-1799-687B83A34187}"
EndProject
Project("{8BC9CEB8-8B4A-11D0-8D11-00A0C91BC942}") = "FPL_WaveAudio", "FPL_WaveAudio\FPL_WaveAudio.vcxproj", "{CBF87D0B-37B9-F941-00F4-42BF6C733E1E}"
EndProject
Project("{2150E333-8FDC-42A3-9474-1A3956D46DE8}") = "Compability", "Compability", "{C9AD4F62-35C4-4DF8-7E3B-D919EA901E80}"
EndProject
Project("{8BC9CEB8-8B4A-11D0-8D11-00A0C91BC942}") = "FPL_DynamicLib_Client", "FPL_DynamicLib_Client\FPL_DynamicLib_Client.vcxproj", "{40CEE1A5-AC3A-9DA0-752E-35FEE159BF08}"
EndProject
Project("{8BC9CEB8-8B4A-11D0-8D11-00A0C91BC942}") = "FPL_DynamicLib_Host", "FPL_DynamicLib_Host\FPL_DynamicLib_Host.vcxproj", "{1F0C943C-8B6D-714A-14DB-B7FC803BA809}"
EndProject
Project("{8BC9CEB8-8B4A-11D0-8D11-00A0C91BC942}") = "FPL_NoCRT", "FPL_NoCRT\FPL_NoCRT.vcxproj", "{8C915B5E-F8FB-0FD5-413A-C17AADE3ED29}"
EndProject
Project("{8BC9CEB8-8B4A-11D0-8D11-00A0C91BC942}") = "FPL_NoPlatformIncludes", "FPL_NoPlatformIncludes\FPL_NoPlatformIncludes.vcxproj", "{9F473FAA-8B41-68FC-74AE-FE0C6047CE68}"
EndProject
Project("{8BC9CEB8-8B4A-11D0-8D11-00A0C91BC942}") = "FPL_NoRuntimeLinking", "FPL_NoRuntimeLinking\FPL_NoRuntimeLinking.vcxproj", "{B3A17674-9F30-003E-484F-143934BD10E4}"
EndProject
Project("{8BC9CEB8-8B4A-11D0-8D11-00A0C91BC942}") = "FPL_StaticLib_Client", "FPL_StaticLib_Client\FPL_StaticLib_Client.vcxproj", "{E36A408D-CFF9-C956-7818-DE516486DAFC}"
EndProject
Project("{8BC9CEB8-8B4A-11D0-8D11-00A0C91BC942}") = "FPL_StaticLib_Host", "FPL_StaticLib_Host\FPL_StaticLib_Host.vcxproj", "{02244D11-EE07-0E67-5768-08BA436BF8E8}"
EndProject
Project("{2150E333-8FDC-42A3-9474-1A3956D46DE8}") = "Console", "Console", "{BF556C82-2B16-E8B8-F450-313660D02C95}"
EndProject
Project("{8BC9CEB8-8B4A-11D0-8D11-00A0C91BC942}") = "FPL_Console", "FPL_Console\FPL_Console.vcxproj", "{993FE217-05F5-5A0D-8EE9-54E4FA9D5111}"
EndProject
Project("{2150E333-8FDC-42A3-9474-1A3956D46DE8}") = "Games", "Games", "{99427816-05F8-F00B-8EEC-EAE2FAA0E70F}"
EndProject
Project("{8BC9CEB8-8B4A-11D0-8D11-00A0C91BC942}") = "FPL_Crackout", "FPL_Crackout\FPL_Crackout.vcxproj", "{822EA2DB-6E91-3180-1717-6A360359FD02}"
EndProject
Project("{8BC9CEB8-8B4A-11D0-8D11-00A0C91BC942}") = "FPL_GameTemplate", "FPL_GameTemplate\FPL_GameTemplate.vcxproj", "{5C79F1D9-4872-102C-71A4-F5B05DFCEF37}"
EndProject
Project("{8BC9CEB8-8B4A-11D0-8D11-00A0C91BC942}") = "FPL_Towadev", "FPL_Towadev\FPL_Towadev.vcxproj", "{80161935-ECCB-912A-75C0-8B01E174882E}"
EndProject
Project("{2150E333-8FDC-42A3-9474-1A3956D46DE8}") = "Graphics", "Graphics", "{7DDA5F49-69A8-534F-523C-C4753EA92FB4}"
EndProject
Project("{8BC9CEB8-8B4A-11D0-8D11-00A0C91BC942}") = "FPL_OpenGL", "FPL_OpenGL\FPL_OpenGL.vcxproj", "{CB1E482C-B7D6-8979-20DE-62D50CB5246A}"
EndProject
Project("{8BC9CEB8-8B4A-11D0-8D11-00A0C91BC942}") = "FPL_Software", "FPL_Software\FPL_Software.vcxproj", "{918AB4C5-7DED-436A-2673-7C2012B50FED}"
EndProject
Project("{8BC9CEB8-8B4A-11D0-8D11-00A0C91BC942}") = "FPL_Vulkan", "FPL_Vulkan\FPL_Vulkan.vcxproj", "{1783FA3C-033B-3C8A-6C42-15E65819D77A}"
EndProject
Project("{2150E333-8FDC-42A3-9474-1A3956D46DE8}") = "Input", "Input", "{5CA3A316-C858-1C0C-514D-16E3BD011310}"
EndProject
Project("{8BC9CEB8-8B4A-11D0-8D11-00A0C91BC942}") = "FPL_Input", "FPL_Input\FPL_Input.vcxproj", "{B64E015E-22B9-B5D4-6BF7-667AD7A09329}"
EndProject
Project("{2150E333-8FDC-42A3-9474-1A3956D46DE8}") = "Test", "Test", "{2CC8CC5D-1880-0EAB-8187-E7066D5EA99B}"
EndProject
Project("{8BC9CEB8-8B4A-11D0-8D11-00A0C91BC942}") = "FPL_Test", "FPL_Test\FPL_Test.vcxproj", "{467015DC-323D-70E7-5B56-5E8F4782A575}"
EndProject
Project("{2150E333-8FDC-42A3-9474-1A3956D46DE8}") = "ThirdParty", "ThirdParty", "{376E56B9-2367-750B-4C99-5A9038F15417}"
EndProject
Project("{8BC9CEB8-8B4A-11D0-8D11-00A0C91BC942}") = "FPL_ImGui", "FPL_ImGui\FPL_ImGui.vcxproj", "{E113005E-4D7E-B4D4-96BC-657A02669229}"
EndProject
Project("{8BC9CEB8-8B4A-11D0-8D11-00A0C91BC942}") = "FPL_MiniAudio", "FPL_MiniAudio\FPL_MiniAudio.vcxproj", "{45F23282-B1B2-AEB8-7AED-F735E66CF394}"
EndProject
Project("{2150E333-8FDC-42A3-9474-1A3956D46DE8}") = "Window", "Window", "{E46B640B-D0CE-F3AF-7954-2C666596BF32}"
EndProject
Project("{8BC9CEB8-8B4A-11D0-8D11-00A0C91BC942}") = "FPL_Window", "FPL_Window\FPL_Window.vcxproj", "{7E82773E-6A3A-B98B-D341-92E7BF18547C}"
EndProject
Global
	GlobalSection(SolutionConfigurationPlatforms) = preSolution
		Debug|WinX64 = Debug|WinX64
		Release|WinX64 = Release|WinX64
	EndGlobalSection
	GlobalSection(SolutionConfigurationPlatforms) = preSolution
		Debug|WinX86 = Debug|WinX86
		Release|WinX86 = Release|WinX86
	EndGlobalSection
	GlobalSection(ProjectConfigurationPlatforms) = postSolution
		{5B8F4414-4747-8661-B04E-5FBD9C252152}.Debug|WinX64.ActiveCfg = Debug WinX64|x64
		{5B8F4414-4747-8661-B04E-5FBD9C252152}.Debug|WinX64.Build.0 = Debug WinX64|x64
		{5B8F4414-4747-8661-B04E-5FBD9C252152}.Debug|WinX86.ActiveCfg = Debug WinX86|Win32
		{5B8F4414-4747-8661-B04E-5FBD9C252152}.Debug|WinX86.Build.0 = Debug WinX86|Win32
		{5B8F4414-4747-8661-B04E-5FBD9C252152}.Release|WinX64.ActiveCfg = Release WinX64|x64
		{5B8F4414-4747-8661-B04E-5FBD9C252152}.Release|WinX64.Build.0 = Release WinX64|x64
		{5B8F4414-4747-8661-B04E-5FBD9C252152}.Release|WinX86.ActiveCfg = Release WinX86|Win32
		{5B8F4414-4747-8661-B04E-5FBD9C252152}.Release|WinX86.Build.0 = Release WinX86|Win32
		{5BB8D39D-C743-4162-D054-C4563C5F9D62}.Debug|WinX64.ActiveCfg = Debug WinX64|x64
		{5BB8D39D-C743-4162-D054-C4563C5F9D62}.Debug|WinX64.Build.0 = Debug WinX64|x64
		{5BB8D39D-C743-4162-D054-C4563C5F9D62}.Debug|WinX86.ActiveCfg = Debug WinX86|Win32
		{5BB8D39D-C743-4162-D054-C4563C5F9D62}.Debug|WinX86.Build.0 = Debug WinX86|Win32
		{5BB8D39D-C743-4162-D054-C4563C5F9D62}.Release|WinX64.ActiveCfg = Release WinX64|x64
		{5BB8D39D-C743-4162-D054-C4563C5F9D62}.Release|WinX64.Build.0 = Release WinX64|x64
		{5BB8D39D-C743-4162-D054-C4563C5F9D62}.Release|WinX86.ActiveCfg = Release WinX86|Win32
		{5BB8D39D-C743-4162-D054-C4563C5F9D62}.Release|WinX86.Build.0 = Release WinX86|Win32
		{E7D9EC8E-533B-CA9C-DCA8-104F4809015C}.Debug|WinX64.ActiveCfg = Debug WinX64|x64
		{E7D9EC8E-533B-CA9C-DCA8-104F4809015C}.Debug|WinX64.Build.0 = Debug WinX64|x64
		{E7D9EC8E-533B-CA9C-DCA8-104F4809015C}.Debug|WinX86.ActiveCfg = Debug WinX86|Win32
		{E7D9EC8E-533B-CA9C-DCA8-104F4809015C}.Debug|WinX86.Build.0 = Debug WinX86|Win32
		{E7D9EC8E-533B-CA9C-DCA8-104F4809015C}.Release|WinX64.ActiveCfg = Release WinX64|x64
		{E7D9EC8E-533B-CA9C-DCA8-104F4809015C}.Release|WinX64.Build.0 = Release WinX64|x64
		{E7D9EC8E-533B-CA9C-DCA8-104F4809015C}.Release|WinX86.ActiveCfg = Release WinX86|Win32
		{E7D9EC8E-533B-CA9C-DCA8-104F4809015C}.Release|WinX86.Build.0 = Release WinX86|Win32
		{D38F67D2-3F50-E308-088B-2C86740A28E5}.Debug|WinX64.ActiveCfg = Debug WinX64|x64
		{D38F67D2-3F50-E308-088B-2C86740A28E5}.Debug|WinX64.Build.0 = Debug WinX64|x64
		{D38F67D2-3F50-E308-088B-2C86740A28E5}.Debug|WinX86.ActiveCfg = Debug WinX86|Win32
		{D38F67D2-3F50-E308-088B-2C86740A28E5}.Debug|WinX86.Build.0 = Debug WinX86|Win32
		{D38F67D2-3F50-E308-088B-2C86740A28E5}.Release|WinX64.ActiveCfg = Release WinX64|x64
		{D38F67D2-3F50-E308-088B-2C86740A28E5}.Release|WinX64.Build.0 = Release WinX64|x64
		{D38F67D2-3F50-E308-088B-2C86740A28E5}.Release|WinX86.ActiveCfg = Release WinX86|Win32
		{D38F67D2-3F50-E308-088B-2C86740A28E5}.Release|WinX86.Build.0 = Release WinX86|Win32
		{652037BD-D1AB-A481-DABC-277646C70082}.Debug|WinX64.ActiveCfg = Debug WinX64|x64
		{652037BD-D1AB-A481-DABC-277646C70082}.Debug|WinX64.Build.0 = Debug WinX64|x64
		{652037BD-D1AB-A481-DABC-277646C70082}.Debug|WinX86.ActiveCfg = Debug WinX86|Win32
		{652037BD-D1AB-A481-DABC-277646C70082}.Debug|WinX86.Build.0 = Debug WinX86|Win32
		{652037BD-D1AB-A481-DABC-277646C70082}.Release|WinX64.ActiveCfg = Release WinX64|x64
		{652037BD-D1AB-A481-DABC-277646C70082}.Release|WinX64.Build.0 = Release WinX64|x64
		{652037BD-D1AB-A481-DABC-277646C70082}.Release|WinX86.ActiveCfg = Release WinX86|Win32
		{652037BD-D1AB-A481-DABC-277646C70082}.Release|WinX86.Build.0 = Release WinX86|Win32
		{A2FC77C2-0E88-E586-1799-687B83A34187}.Debug|WinX64.ActiveCfg = Debug WinX64|x64
		{A2FC77C2-0E88-E586-1799-687B83A34187}.Debug|WinX64.Build.0 = Debug WinX64|x64
		{A2FC77C2-0E88-E586-1799-687B83A34187}.Debug|WinX86.ActiveCfg = Debug WinX86|Win32
		{A2FC77C2-0E88-E586-1799-687B83A34187}.Debug|WinX86.Build.0 = Debug WinX86|Win32
		{A2FC77C2-0E88-E586-1799-687B83A34187}.Release|WinX64.ActiveCfg = Release WinX64|x64
		{A2FC77C2-0E88-E586-1799-687B83A34187}.Release|WinX64.Build.0 = Release WinX64|x64
		{A2FC77C2-0E88-E586-1799-687B83A34187}.Release|WinX86.ActiveCfg = Release WinX86|Win32
		{A2FC77C2-0E88-E586-1799-687B83A34187}.Release|WinX86.Build.0 = Release WinX86|Win32
		{CBF87D0B-37B9-F941-00F4-42BF6C733E1E}.Debug|WinX64.ActiveCfg = Debug WinX64|x64
		{CBF87D0B-37B9-F941-00F4-42BF6C733E1E}.Debug|WinX64.Build.0 = Debug WinX64|x64
		{CBF87D0B-37B9-F941-00F4-42BF6C733E1E}.Debug|WinX86.ActiveCfg = Debug WinX86|Win32
		{CBF87D0B-37B9-F941-00F4-42BF6C733E1E}.Debug|WinX86.Build.0 = Debug WinX86|Win32
		{CBF87D0B-37B9-F941-00F4-42BF6C733E1E}.Release|WinX64.ActiveCfg = Release WinX64|x64
		{CBF87D0B-37B9-F941-00F4-42BF6C733E1E}.Release|WinX64.Build.0 = Release WinX64|x64
		{CBF87D0B-37B9-F941-00F4-42BF6C733E1E}.Release|WinX86.ActiveCfg = Release WinX86|Win32
		{CBF87D0B-37B9-F941-00F4-42BF6C733E1E}.Release|WinX86.Build.0 = Release WinX86|Win32
		{40CEE1A5-AC3A-9DA0-752E-35FEE159BF08}.Debug|WinX64.ActiveCfg = Debug WinX64|x64
		{40CEE1A5-AC3A-9DA0-752E-35FEE159BF08}.Debug|WinX64.Build.0 = Debug WinX64|x64
		{40CEE1A5-AC3A-9DA0-752E-35FEE159BF08}.Debug|WinX86.ActiveCfg = Debug WinX86|Win32
		{40CEE1A5-AC3A-9DA0-752E-35FEE159BF08}.Debug|WinX86.Build.0 = Debug WinX86|Win32
		{40CEE1A5-AC3A-9DA0-752E-35FEE159BF08}.Release|WinX64.ActiveCfg = Release WinX64|x64
		{40CEE1A5-AC3A-9DA0-752E-35FEE159BF08}.Release|WinX64.Build.0 = Release WinX64|x64
		{40CEE1A5-AC3A-9DA0-752E-35FEE159BF08}.Release|WinX86.ActiveCfg = Release WinX86|Win32
		{40CEE1A5-AC3A-9DA0-752E-35FEE159BF08}.Release|WinX86.Build.0 = Release WinX86|Win32
		{1F0C943C-8B6D-714A-14DB-B7FC803BA809}.Debug|WinX64.ActiveCfg = Debug WinX64|x64
		{1F0C943C-8B6D-714A-14DB-B7FC803BA809}.Debug|WinX64.Build.0 = Debug WinX64|x64
		{1F0C943C-8B6D-714A-14DB-B7FC803BA809}.Debug|WinX86.ActiveCfg = Debug WinX86|Win32
		{1F0C943C-8B6D-714A-14DB-B7FC803BA809}.Debug|WinX86.Build.0 = Debug WinX86|Win32
		{1F0C943C-8B6D-714A-14DB-B7FC803BA809}.Release|WinX64.ActiveCfg = Release WinX64|x64
		{1F0C943C-8B6D-714A-14DB-B7FC803BA809}.Release|WinX64.Build.0 = Release WinX64|x64
		{1F0C943C-8B6D-714A-14DB-B7FC803BA809}.Release|WinX86.ActiveCfg = Release WinX86|Win32
		{1F0C943C-8B6D-714A-14DB-B7FC803BA809}.Release|WinX86.Build.0 = Release WinX86|Win32
		{8C915B5E-F8FB-0FD5-413A-C17AADE3ED29}.Debug|WinX64.ActiveCfg = Debug WinX64|x64
		{8C915B5E-F8FB-0FD5-413A-C17AADE3ED29}.Debug|WinX64.Build.0 = Debug WinX64|x64
		{8C915B5E-F8FB-0FD5-413A-C17AADE3ED29}.Debug|WinX86.ActiveCfg = Debug WinX86|Win32
		{8C915B5E-F8FB-0FD5-413A-C17AADE3ED29}.Debug|WinX86.Build.0 = Debug WinX86|Win32
		{8C915B5E-F8FB-0FD5-413A-C17AADE3ED29}.Release|WinX64.ActiveCfg = Release WinX64|x64
		{8C915B5E-F8FB-0FD5-413A-C17AADE3ED29}.Release|WinX64.Build.0 = Release WinX64|x64
		{8C915B5E-F8FB-0FD5-413A-C17AADE3ED29}.Release|WinX86.ActiveCfg = Release WinX86|Win32
		{8C915B5E-F8FB-0FD5-413A-C17AADE3ED29}.Release|WinX86.Build.0 = Release WinX86|Win32
		{9F473FAA-8B41-68FC-74AE-FE0C6047CE68}.Debug|WinX64.ActiveCfg = Debug WinX64|x64
		{9F473FAA-8B41-68FC-74AE-FE0C6047CE68}.Debug|WinX64.Build.0 = Debug WinX64|x64
		{9F473FAA-8B41-68FC-74AE-FE0C6047CE68}.Debug|WinX86.ActiveCfg = Debug WinX86|Win32
		{9F473FAA-8B41-68FC-74AE-FE0C6047CE68}.Debug|WinX86.Build.0 = Debug WinX86|Win32
		{9F473FAA-8B41-68FC-74AE-FE0C6047CE68}.Release|WinX64.ActiveCfg = Release WinX64|x64
		{9F473FAA-8B41-68FC-74AE-FE0C6047CE68}.Release|WinX64.Build.0 = Release WinX64|x64
		{9F473FAA-8B41-68FC-74AE-FE0C6047CE68}.Release|WinX86.ActiveCfg = Release WinX86|Win32
		{9F473FAA-8B41-68FC-74AE-FE0C6047CE68}.Release|WinX86.Build.0 = Release WinX86|Win32
		{B3A17674-9F30-003E-484F-143934BD10E4}.Debug|WinX64.ActiveCfg = Debug WinX64|x64
		{B3A17674-9F30-003E-484F-143934BD10E4}.Debug|WinX64.Build.0 = Debug WinX64|x64
		{B3A17674-9F30-003E-484F-143934BD10E4}.Debug|WinX86.ActiveCfg = Debug WinX86|Win32
		{B3A17674-9F30-003E-484F-143934BD10E4}.Debug|WinX86.Build.0 = Debug WinX86|Win32
		{B3A17674-9F30-003E-484F-143934BD10E4}.Release|WinX64.ActiveCfg = Release WinX64|x64
		{B3A17674-9F30-003E-484F-143934BD10E4}.Release|WinX64.Build.0 = Release WinX64|x64
		{B3A17674-9F30-003E-484F-143934BD10E4}.Release|WinX86.ActiveCfg = Release WinX86|Win32
		{B3A17674-9F30-003E-484F-143934BD10E4}.Release|WinX86.Build.0 = Release WinX86|Win32
		{E36A408D-CFF9-C956-7818-DE516486DAFC}.Debug|WinX64.ActiveCfg = Debug WinX64|x64
		{E36A408D-CFF9-C956-7818-DE516486DAFC}.Debug|WinX64.Build.0 = Debug WinX64|x64
		{E36A408D-CFF9-C956-7818-DE516486DAFC}.Debug|WinX86.ActiveCfg = Debug WinX86|Win32
		{E36A408D-CFF9-C956-7818-DE516486DAFC}.Debug|WinX86.Build.0 = Debug WinX86|Win32
		{E36A408D-CFF9-C956-7818-DE516486DAFC}.Release|WinX64.ActiveCfg = Release WinX64|x64
		{E36A408D-CFF9-C956-7818-DE516486DAFC}.Release|WinX64.Build.0 = Release WinX64|x64
		{E36A408D-CFF9-C956-7818-DE516486DAFC}.Release|WinX86.ActiveCfg = Release WinX86|Win32
		{E36A408D-CFF9-C956-7818-DE516486DAFC}.Release|WinX86.Build.0 = Release WinX86|Win32
		{02244D11-EE07-0E67-5768-08BA436BF8E8}.Debug|WinX64.ActiveCfg = Debug WinX64|x64
		{02244D11-EE07-0E67-5768-08BA436BF8E8}.Debug|WinX64.Build.0 = Debug WinX64|x64
		{02244D11-EE07-0E67-5768-08BA436BF8E8}.Debug|WinX86.ActiveCfg = Debug WinX86|Win32
		{02244D11-EE07-0E67-5768-08BA436BF8E8}.Debug|WinX86.Build.0 = Debug WinX86|Win32
		{02244D11-EE07-0E67-5768-08BA436BF8E8}.Release|WinX64.ActiveCfg = Release WinX64|x64
		{02244D11-EE07-0E67-5768-08BA436BF8E8}.Release|WinX64.Build.0 = Release WinX64|x64
		{02244D11-EE07-0E67-5768-08BA436BF8E8}.Release|WinX86.ActiveCfg = Release WinX86|Win32
		{02244D11-EE07-0E67-5768-08BA436BF8E8}.Release|WinX86.Build.0 = Release WinX86|Win32
		{993FE217-05F5-5A0D-8EE9-54E4FA9D5111}.Debug|WinX64.ActiveCfg = Debug WinX64|x64
		{993FE217-05F5-5A0D-8EE9-54E4FA9D5111}.Debug|WinX64.Build.0 = Debug WinX64|x64
		{993FE217-05F5-5A0D-8EE9-54E4FA9D5111}.Debug|WinX86.ActiveCfg = Debug WinX86|Win32
		{993FE217-05F5-5A0D-8EE9-54E4FA9D5111}.Debug|WinX86.Build.0 = Debug WinX86|Win32
		{993FE217-05F5-5A0D-8EE9-54E4FA9D5111}.Release|WinX64.ActiveCfg = Release WinX64|x64
		{993FE217-05F5-5A0D-8EE9-54E4FA9D5111}.Release|WinX64.Build.0 = Release WinX64|x64
		{993FE217-05F5-5A0D-8EE9-54E4FA9D5111}.Release|WinX86.ActiveCfg = Release WinX86|Win32
		{993FE217-05F5-5A0D-8EE9-54E4FA9D5111}.Release|WinX86.Build.0 = Release WinX86|Win32
		{822EA2DB-6E91-3180-1717-6A360359FD02}.Debug|WinX64.ActiveCfg = Debug WinX64|x64
		{822EA2DB-6E91-3180-1717-6A360359FD02}.Debug|WinX64.Build.0 = Debug WinX64|x64
		{822EA2DB-6E91-3180-1717-6A360359FD02}.Debug|WinX86.ActiveCfg = Debug WinX86|Win32
		{822EA2DB-6E91-3180-1717-6A360359FD02}.Debug|WinX86.Build.0 = Debug WinX86|Win32
		{822EA2DB-6E91-3180-1717-6A360359FD02}.Release|WinX64.ActiveCfg = Release WinX64|x64
		{822EA2DB-6E91-3180-1717-6A360359FD02}.Release|WinX64.Build.0 = Release WinX64|x64
		{822EA2DB-6E91-3180-1717-6A360359FD02}.Release|WinX86.ActiveCfg = Release WinX86|Win32
		{822EA2DB-6E91-3180-1717-6A360359FD02}.Release|WinX86.Build.0 = Release WinX86|Win32
		{5C79F1D9-4872-102C-71A4-F5B05DFCEF37}.Debug|WinX64.ActiveCfg = Debug WinX64|x64
		{5C79F1D9-4872-102C-71A4-F5B05DFCEF37}.Debug|WinX64.Build.0 = Debug WinX64|x64
		{5C79F1D9-4872-102C-71A4-F5B05DFCEF37}.Debug|WinX86.ActiveCfg = Debug WinX86|Win32
		{5C79F1D9-4872-102C-71A4-F5B05DFCEF37}.Debug|WinX86.Build.0 = Debug WinX86|Win32
		{5C79F1D9-4872-102C-71A4-F5B05DFCEF37}.Release|WinX64.ActiveCfg = Release WinX64|x64
		{5C79F1D9-4872-102C-71A4-F5B05DFCEF37}.Release|WinX64.Build.0 = Release WinX64|x64
		{5C79F1D9-4872-102C-71A4-F5B05DFCEF37}.Release|WinX86.ActiveCfg = Release WinX86|Win32
		{5C79F1D9-4872-102C-71A4-F5B05DFCEF37}.Release|WinX86.Build.0 = Release WinX86|Win32
		{80161935-ECCB-912A-75C0-8B01E174882E}.Debug|WinX64.ActiveCfg = Debug WinX64|x64
		{80161935-ECCB-912A-75C0-8B01E174882E}.Debug|WinX64.Build.0 = Debug WinX64|x64
		{80161935-ECCB-912A-75C0-8B01E174882E}.Debug|WinX86.ActiveCfg = Debug WinX86|Win32
		{80161935-ECCB-912A-75C0-8B01E174882E}.Debug|WinX86.Build.0 = Debug WinX86|Win32
		{80161935-ECCB-912A-75C0-8B01E174882E}.Release|WinX64.ActiveCfg = Release WinX64|x64
		{80161935-ECCB-912A-75C0-8B01E174882E}.Release|WinX64.Build.0 = Release WinX64|x64
		{80161935-ECCB-912A-75C0-8B01E174882E}.Release|WinX86.ActiveCfg = Release WinX86|Win32
		{80161935-ECCB-912A-75C0-8B01E174882E}.Release|WinX86.Build.0 = Release WinX86|Win32
		{CB1E482C-B7D6-8979-20DE-62D50CB5246A}.Debug|WinX64.ActiveCfg = Debug WinX64|x64
		{CB1E482C-B7D6-8979-20DE-62D50CB5246A}.Debug|WinX64.Build.0 = Debug WinX64|x64
		{CB1E482C-B7D6-8979-20DE-62D50CB5246A}.Debug|WinX86.ActiveCfg = Debug WinX86|Win32
		{CB1E482C-B7D6-8979-20DE-62D50CB5246A}.Debug|WinX86.Build.0 = Debug WinX86|Win32
		{CB1E482C-B7D6-8979-20DE-62D50CB5246A}.Release|WinX64.ActiveCfg = Release WinX64|x64
		{CB1E482C-B7D6-8979-20DE-62D50CB5246A}.Release|WinX64.Build.0 = Release WinX64|x64
		{CB1E482C-B7D6-8979-20DE-62D50CB5246A}.Release|WinX86.ActiveCfg = Release WinX86|Win32
		{CB1E482C-B7D6-8979-20DE-62D50CB5246A}.Release|WinX86.Build.0 = Release WinX86|Win32
		{918AB4C5-7DED-436A-2673-7C2012B50FED}.Debug|WinX64.ActiveCfg = Debug WinX64|x64
		{918AB4C5-7DED-436A-2673-7C2012B50FED}.Debug|WinX64.Build.0 = Debug WinX64|x64
		{918AB4C5-7DED-436A-2673-7C2012B50FED}.Debug|WinX86.ActiveCfg = Debug WinX86|Win32
		{918AB4C5-7DED-436A-2673-7C2012B50FED}.Debug|WinX86.Build.0 = Debug WinX86|Win32
		{918AB4C5-7DED-436A-2673-7C2012B50FED}.Release|WinX64.ActiveCfg = Release WinX64|x64
		{918AB4C5-7DED-436A-2673-7C2012B50FED}.Release|WinX64.Build.0 = Release WinX64|x64
		{918AB4C5-7DED-436A-2673-7C2012B50FED}.Release|WinX86.ActiveCfg = Release WinX86|Win32
		{918AB4C5-7DED-436A-2673-7C2012B50FED}.Release|WinX86.Build.0 = Release WinX86|Win32
		{1783FA3C-033B-3C8A-6C42-15E65819D77A}.Debug|WinX64.ActiveCfg = Debug WinX64|x64
		{1783FA3C-033B-3C8A-6C42-15E65819D77A}.Debug|WinX64.Build.0 = Debug WinX64|x64
		{1783FA3C-033B-3C8A-6C42-15E65819D77A}.Debug|WinX86.ActiveCfg = Debug WinX86|Win32
		{1783FA3C-033B-3C8A-6C42-15E65819D77A}.Debug|WinX86.Build.0 = Debug WinX86|Win32
		{1783FA3C-033B-3C8A-6C42-15E65819D77A}.Release|WinX64.ActiveCfg = Release WinX64|x64
		{1783FA3C-033B-3C8A-6C42-15E65819D77A}.Release|WinX64.Build.0 = Release WinX64|x64
		{1783FA3C-033B-3C8A-6C42-15E65819D77A}.Release|WinX86.ActiveCfg = Release WinX86|Win32
		{1783FA3C-033B-3C8A-6C42-15E65819D77A}.Release|WinX86.Build.0 = Release WinX86|Win32
		{B64E015E-22B9-B5D4-6BF7-667AD7A09329}.Debug|WinX64.ActiveCfg = Debug WinX64|x64
		{B64E015E-22B9-B5D4-6BF7-667AD7A09329}.Debug|WinX64.Build.0 = Debug WinX64|x64
		{B64E015E-22B9-B5D4-6BF7-667AD7A09329}.Debug|WinX86.ActiveCfg = Debug WinX86|Win32
		{B64E015E-22B9-B5D4-6BF7-667AD7A09329}.Debug|WinX86.Build.0 = Debug WinX86|Win32
		{B64E015E-22B9-B5D4-6BF7-667AD7A09329}.Release|WinX64.ActiveCfg = Release WinX64|x64
		{B64E015E-22B9-B5D4-6BF7-667AD7A09329}.Release|WinX64.Build.0 = Release WinX64|x64
		{B64E015E-22B9-B5D4-6BF7-667AD7A09329}.Release|WinX86.ActiveCfg = Release WinX86|Win32
		{B64E015E-22B9-B5D4-6BF7-667AD7A09329}.Release|WinX86.Build.0 = Release WinX86|Win32
		{467015DC-323D-70E7-5B56-5E8F4782A575}.Debug|WinX64.ActiveCfg = Debug WinX64|x64
		{467015DC-323D-70E7-5B56-5E8F4782A575}.Debug|WinX64.Build.0 = Debug WinX64|x64
		{467015DC-323D-70E7-5B56-5E8F4782A575}.Debug|WinX86.ActiveCfg = Debug WinX86|Win32
		{467015DC-323D-70E7-5B56-5E8F4782A575}.Debug|WinX86.Build.0 = Debug WinX86|Win32
		{467015DC-323D-70E7-5B56-5E8F4782A575}.Release|WinX64.ActiveCfg = Release WinX64|x64
		{467015DC-323D-70E7-5B56-5E8F4782A575}.Release|WinX64.Build.0 = Release WinX64|x64
		{467015DC-323D-70E7-5B56-5E8F4782A575}.Release|WinX86.ActiveCfg = Release WinX86|Win32
		{467015DC-323D-70E7-5B56-5E8F4782A575}.Release|WinX86.Build.0 = Release WinX86|Win32
		{E113005E-4D7E-B4D4-96BC-657A02669229}.Debug|WinX64.ActiveCfg = Debug WinX64|x64
		{E113005E-4D7E-B4D4-96BC-657A02669229}.Debug|WinX64.Build.0 = Debug WinX64|x64
		{E113005E-4D7E-B4D4-96BC-657A02669229}.Debug|WinX86.ActiveCfg = Debug WinX86|Win32
		{E113005E-4D7E-B4D4-96BC-657A02669229}.Debug|WinX86.Build.0 = Debug WinX86|Win32
		{E113005E-4D7E-B4D4-96BC-657A02669229}.Release|WinX64.ActiveCfg = Release WinX64|x64
		{E113005E-4D7E-B4D4-96BC-657A02669229}.Release|WinX64.Build.0 = Release WinX64|x64
		{E113005E-4D7E-B4D4-96BC-657A02669229}.Release|WinX86.ActiveCfg = Release WinX86|Win32
		{E113005E-4D7E-B4D4-96BC-657A02669229}.Release|WinX86.Build.0 = Release WinX86|Win32
		{45F23282-B1B2-AEB8-7AED-F735E66CF394}.Debug|WinX64.ActiveCfg = Debug WinX64|x64
		{45F23282-B1B2-AEB8-7AED-F735E66CF394}.Debug|WinX64.Build.0 = Debug WinX64|x64
		{45F23282-B1B2-AEB8-7AED-F735E66CF394}.Debug|WinX86.ActiveCfg = Debug WinX86|Win32
		{45F23282-B1B2-AEB8-7AED-F735E66CF394}.Debug|WinX86.Build.0 = Debug WinX86|Win32
		{45F23282-B1B2-AEB8-7AED-F735E66CF394}.Release|WinX64.ActiveCfg = Release WinX64|x64
		{45F23282-B1B2-AEB8-7AED-F735E66CF394}.Release|WinX64.Build.0 = Release WinX64|x64
		{45F23282-B1B2-AEB8-7AED-F735E66CF394}.Release|WinX86.ActiveCfg = Release WinX86|Win32
		{45F23282-B1B2-AEB8-7AED-F735E66CF394}.Release|WinX86.Build.0 = Release WinX86|Win32
		{7E82773E-6A3A-B98B-D341-92E7BF18547C}.Debug|WinX64.ActiveCfg = Debug WinX64|x64
		{7E82773E-6A3A-B98B-D341-92E7BF18547C}.Debug|WinX64.Build.0 = Debug WinX64|x64
		{7E82773E-6A3A-B98B-D341-92E7BF18547C}.Debug|WinX86.ActiveCfg = Debug WinX86|Win32
		{7E82773E-6A3A-B98B-D341-92E7BF18547C}.Debug|WinX86.Build.0 = Debug WinX86|Win32
		{7E82773E-6A3A-B98B-D341-92E7BF18547C}.Release|WinX64.ActiveCfg = Release WinX64|x64
		{7E82773E-6A3A-B98B-D341-92E7BF18547C}.Release|WinX64.Build.0 = Release WinX64|x64
		{7E82773E-6A3A-B98B-D341-92E7BF18547C}.Release|WinX86.ActiveCfg = Release WinX86|Win32
		{7E82773E-6A3A-B98B-D341-92E7BF18547C}.Release|WinX86.Build.0 = Release WinX86|Win32
	EndGlobalSection
	GlobalSection(SolutionProperties) = preSolution
		HideSolutionNode = FALSE
	EndGlobalSection
	GlobalSection(NestedProjects) = preSolution
		{5B8F4414-4747-8661-B04E-5FBD9C252152} = {608BC25D-4C43-04AB-B54A-DD06A1219F9B}
		{5BB8D39D-C743-4162-D054-C4563C5F9D62} = {608BC25D-4C43-04AB-B54A-DD06A1219F9B}
		{E7D9EC8E-533B-CA9C-DCA8-104F4809015C} = {608BC25D-4C43-04AB-B54A-DD06A1219F9B}
		{D38F67D2-3F50-E308-088B-2C86740A28E5} = {608BC25D-4C43-04AB-B54A-DD06A1219F9B}
		{652037BD-D1AB-A481-DABC-277646C70082} = {5E811616-CA36-8F0B-532B-89E2BFDF850F}
		{A2FC77C2-0E88-E586-1799-687B83A34187} = {5E811616-CA36-8F0B-532B-89E2BFDF850F}
		{CBF87D0B-37B9-F941-00F4-42BF6C733E1E} = {5E811616-CA36-8F0B-532B-89E2BFDF850F}
		{40CEE1A5-AC3A-9DA0-752E-35FEE159BF08} = {C9AD4F62-35C4-4DF8-7E3B-D919EA901E80}
		{1F0C943C-8B6D-714A-14DB-B7FC803BA809} = {C9AD4F62-35C4-4DF8-7E3B-D919EA901E80}
		{8C915B5E-F8FB-0FD5-413A-C17AADE3ED29} = {C9AD4F62-35C4-4DF8-7E3B-D919EA901E80}
		{9F473FAA-8B41-68FC-74AE-FE0C6047CE68} = {C9AD4F62-35C4-4DF8-7E3B-D919EA901E80}
		{B3A17674-9F30-003E-484F-143934BD10E4} = {C9AD4F62-35C4-4DF8-7E3B-D919EA901E80}
		{E36A408D-CFF9-C956-7818-DE516486DAFC} = {C9AD4F62-35C4-4DF8-7E3B-D919EA901E80}
		{02244D11-EE07-0E67-5768-08BA436BF8E8} = {C9AD4F62-35C4-4DF8-7E3B-D919EA901E80}
		{993FE217-05F5-5A0D-8EE9-54E4FA9D5111} = {BF556C82-2B16-E8B8-F450-313660D02C95}
		{822EA2DB-6E91-3180-1717-6A360359FD02} = {99427816-05F8-F00B-8EEC-EAE2FAA0E70F}
		{5C79F1D9-4872-102C-71A4-F5B05DFCEF37} = {99427816-05F8-F00B-8EEC-EAE2FAA0E70F}
		{80161935-ECCB-912A-75C0-8B01E174882E} = {99427816-05F8-F00B-8EEC-EAE2FAA0E70F}
		{CB1E482C-B7D6-8979-20DE-62D50CB5246A} = {7DDA5F49-69A8-534F-523C-C4753EA92FB4}
		{918AB4C5-7DED-436A-2673-7C2012B50FED} = {7DDA5F49-69A8-534F-523C-C4753EA92FB4}
		{1783FA3C-033B-3C8A-6C42-15E65819D77A} = {7DDA5F49-69A8-534F-523C-C4753EA92FB4}
		{B64E015E-22B9-B5D4-6BF7-667AD7A09329} = {5CA3A316-C858-1C0C-514D-16E3BD011310}
		{467015DC-323D-70E7-5B56-5E8F4782A575} = {2CC8CC5D-1880-0EAB-8187-E7066D5EA99B}
		{E113005E-4D7E-B4D4-96BC-657A02669229} = {376E56B9-2367-750B-4C99-5A9038F15417}
		{45F23282-B1B2-AEB8-7AED-F735E66CF394} = {376E56B9-2367-750B-4C99-5A9038F15417}
		{7E82773E-6A3A-B98B-D341-92E7BF18547C} = {E46B640B-D0CE-F3AF-7954-2C666596BF32}
	EndGlobalSection
EndGlobal
