
Microsoft Visual Studio Solution File, Format Version 12.00
# Visual Studio 14
VisualStudioVersion = 14.0.25420.1
MinimumVisualStudioVersion = 10.0.40219.1
Project("{8BC9CEB8-8B4A-11D0-8D11-00A0C91BC942}") = "FPL_OpenGL", "FPL_OpenGL\FPL_OpenGL.vcxproj", "{4D324317-CB24-4B90-AEDA-EA084FF25C2D}"
EndProject
Project("{8BC9CEB8-8B4A-11D0-8D11-00A0C91BC942}") = "FPL_Console", "FPL_Console\FPL_Console.vcxproj", "{C3210A26-9861-42E9-8966-20682380CDD7}"
EndProject
Project("{8BC9CEB8-8B4A-11D0-8D11-00A0C91BC942}") = "FPL_ImGui", "FPL_ImGui\FPL_ImGui.vcxproj", "{BD5796B9-EF6B-45BD-8FB2-E737EE0750ED}"
EndProject
Project("{FAE04EC0-301F-11D3-BF4B-00C04F79EFBC}") = "FPLDocumentationCreator", "FPLDocumentationCreator\FPLDocumentationCreator.csproj", "{05D9FDBD-6619-44A5-A2D6-0DB484D64C02}"
EndProject
Global
	GlobalSection(SolutionConfigurationPlatforms) = preSolution
		Debug|Any CPU = Debug|Any CPU
		Debug|x64 = Debug|x64
		Debug|x86 = Debug|x86
		Release|Any CPU = Release|Any CPU
		Release|x64 = Release|x64
		Release|x86 = Release|x86
	EndGlobalSection
	GlobalSection(ProjectConfigurationPlatforms) = postSolution
		{4D324317-CB24-4B90-AEDA-EA084FF25C2D}.Debug|Any CPU.ActiveCfg = Debug|Win32
		{4D324317-CB24-4B90-AEDA-EA084FF25C2D}.Debug|x64.ActiveCfg = Debug|x64
		{4D324317-CB24-4B90-AEDA-EA084FF25C2D}.Debug|x64.Build.0 = Debug|x64
		{4D324317-CB24-4B90-AEDA-EA084FF25C2D}.Debug|x86.ActiveCfg = Debug|Win32
		{4D324317-CB24-4B90-AEDA-EA084FF25C2D}.Debug|x86.Build.0 = Debug|Win32
		{4D324317-CB24-4B90-AEDA-EA084FF25C2D}.Release|Any CPU.ActiveCfg = Release|Win32
		{4D324317-CB24-4B90-AEDA-EA084FF25C2D}.Release|x64.ActiveCfg = Release|x64
		{4D324317-CB24-4B90-AEDA-EA084FF25C2D}.Release|x64.Build.0 = Release|x64
		{4D324317-CB24-4B90-AEDA-EA084FF25C2D}.Release|x86.ActiveCfg = Release|Win32
		{4D324317-CB24-4B90-AEDA-EA084FF25C2D}.Release|x86.Build.0 = Release|Win32
		{C3210A26-9861-42E9-8966-20682380CDD7}.Debug|Any CPU.ActiveCfg = Debug|Win32
		{C3210A26-9861-42E9-8966-20682380CDD7}.Debug|x64.ActiveCfg = Debug|x64
		{C3210A26-9861-42E9-8966-20682380CDD7}.Debug|x64.Build.0 = Debug|x64
		{C3210A26-9861-42E9-8966-20682380CDD7}.Debug|x86.ActiveCfg = Debug|Win32
		{C3210A26-9861-42E9-8966-20682380CDD7}.Debug|x86.Build.0 = Debug|Win32
		{C3210A26-9861-42E9-8966-20682380CDD7}.Release|Any CPU.ActiveCfg = Release|Win32
		{C3210A26-9861-42E9-8966-20682380CDD7}.Release|x64.ActiveCfg = Release|x64
		{C3210A26-9861-42E9-8966-20682380CDD7}.Release|x64.Build.0 = Release|x64
		{C3210A26-9861-42E9-8966-20682380CDD7}.Release|x86.ActiveCfg = Release|Win32
		{C3210A26-9861-42E9-8966-20682380CDD7}.Release|x86.Build.0 = Release|Win32
		{BD5796B9-EF6B-45BD-8FB2-E737EE0750ED}.Debug|Any CPU.ActiveCfg = Debug|Win32
		{BD5796B9-EF6B-45BD-8FB2-E737EE0750ED}.Debug|x64.ActiveCfg = Debug|x64
		{BD5796B9-EF6B-45BD-8FB2-E737EE0750ED}.Debug|x64.Build.0 = Debug|x64
		{BD5796B9-EF6B-45BD-8FB2-E737EE0750ED}.Debug|x86.ActiveCfg = Debug|Win32
		{BD5796B9-EF6B-45BD-8FB2-E737EE0750ED}.Debug|x86.Build.0 = Debug|Win32
		{BD5796B9-EF6B-45BD-8FB2-E737EE0750ED}.Release|Any CPU.ActiveCfg = Release|Win32
		{BD5796B9-EF6B-45BD-8FB2-E737EE0750ED}.Release|x64.ActiveCfg = Release|x64
		{BD5796B9-EF6B-45BD-8FB2-E737EE0750ED}.Release|x64.Build.0 = Release|x64
		{BD5796B9-EF6B-45BD-8FB2-E737EE0750ED}.Release|x86.ActiveCfg = Release|Win32
		{BD5796B9-EF6B-45BD-8FB2-E737EE0750ED}.Release|x86.Build.0 = Release|Win32
		{05D9FDBD-6619-44A5-A2D6-0DB484D64C02}.Debug|Any CPU.ActiveCfg = Debug|Any CPU
		{05D9FDBD-6619-44A5-A2D6-0DB484D64C02}.Debug|Any CPU.Build.0 = Debug|Any CPU
		{05D9FDBD-6619-44A5-A2D6-0DB484D64C02}.Debug|x64.ActiveCfg = Debug|Any CPU
		{05D9FDBD-6619-44A5-A2D6-0DB484D64C02}.Debug|x64.Build.0 = Debug|Any CPU
		{05D9FDBD-6619-44A5-A2D6-0DB484D64C02}.Debug|x86.ActiveCfg = Debug|Any CPU
		{05D9FDBD-6619-44A5-A2D6-0DB484D64C02}.Debug|x86.Build.0 = Debug|Any CPU
		{05D9FDBD-6619-44A5-A2D6-0DB484D64C02}.Release|Any CPU.ActiveCfg = Release|Any CPU
		{05D9FDBD-6619-44A5-A2D6-0DB484D64C02}.Release|Any CPU.Build.0 = Release|Any CPU
		{05D9FDBD-6619-44A5-A2D6-0DB484D64C02}.Release|x64.ActiveCfg = Release|Any CPU
		{05D9FDBD-6619-44A5-A2D6-0DB484D64C02}.Release|x64.Build.0 = Release|Any CPU
		{05D9FDBD-6619-44A5-A2D6-0DB484D64C02}.Release|x86.ActiveCfg = Release|Any CPU
		{05D9FDBD-6619-44A5-A2D6-0DB484D64C02}.Release|x86.Build.0 = Release|Any CPU
	EndGlobalSection
	GlobalSection(SolutionProperties) = preSolution
		HideSolutionNode = FALSE
	EndGlobalSection
EndGlobal
