
Microsoft Visual Studio Solution File, Format Version 12.00
# Visual Studio Version 16
VisualStudioVersion = 16.0.29806.167
MinimumVisualStudioVersion = 10.0.40219.1
Project("{8BC9CEB8-8B4A-11D0-8D11-00A0C91BC942}") = "FPL_OpenGL", "FPL_OpenGL\FPL_OpenGL.vcxproj", "{4D324317-CB24-4B90-AEDA-EA084FF25C2D}"
EndProject
Project("{8BC9CEB8-8B4A-11D0-8D11-00A0C91BC942}") = "FPL_Console", "FPL_Console\FPL_Console.vcxproj", "{C3210A26-9861-42E9-8966-20682380CDD7}"
EndProject
Project("{8BC9CEB8-8B4A-11D0-8D11-00A0C91BC942}") = "FPL_ImGui", "FPL_ImGui\FPL_ImGui.vcxproj", "{BD5796B9-EF6B-45BD-8FB2-E737EE0750ED}"
EndProject
Project("{8BC9CEB8-8B4A-11D0-8D11-00A0C91BC942}") = "FPL_Software", "FPL_Software\FPL_Software.vcxproj", "{9179B4A1-2960-4F36-AEA8-455A87C979B6}"
EndProject
Project("{8BC9CEB8-8B4A-11D0-8D11-00A0C91BC942}") = "FPL_FFMpeg", "FPL_FFMpeg\FPL_FFMpeg.vcxproj", "{EA0FE726-7868-4779-9134-17EEBA2F7159}"
EndProject
Project("{2150E333-8FDC-42A3-9474-1A3956D46DE8}") = "Root", "Root", "{8BC6F705-2A3B-41E5-B20F-E2473A014BD4}"
	ProjectSection(SolutionItems) = preProject
		..\final_platform_layer.docs = ..\final_platform_layer.docs
		..\final_platform_layer.doxygen = ..\final_platform_layer.doxygen
		..\LICENSE = ..\LICENSE
		..\README.md = ..\README.md
	EndProjectSection
EndProject
Project("{8BC9CEB8-8B4A-11D0-8D11-00A0C91BC942}") = "FPL_Audio", "FPL_Audio\FPL_Audio.vcxproj", "{32DFE331-08FD-4D82-BBE0-5641BE5B35D0}"
EndProject
Project("{8BC9CEB8-8B4A-11D0-8D11-00A0C91BC942}") = "FPL_Test", "FPL_Test\FPL_Test.vcxproj", "{F570E90E-7E14-4442-B66E-72F9284B6BB5}"
EndProject
Project("{8BC9CEB8-8B4A-11D0-8D11-00A0C91BC942}") = "FPL_C", "FPL_C\FPL_C.vcxproj", "{E604E511-50CF-4F97-917E-CA2DC4AD30EB}"
EndProject
Project("{8BC9CEB8-8B4A-11D0-8D11-00A0C91BC942}") = "FPL_NoCRT", "FPL_NoCRT\FPL_NoCRT.vcxproj", "{071A2132-7FA8-41C3-9A76-982FD02299ED}"
EndProject
Project("{8BC9CEB8-8B4A-11D0-8D11-00A0C91BC942}") = "FPL_StaticLib_Host", "FPL_StaticLib_Host\FPL_StaticLib_Host.vcxproj", "{2E7B676A-BF53-44B1-AF2A-DF8A4AB7AEC2}"
EndProject
Project("{8BC9CEB8-8B4A-11D0-8D11-00A0C91BC942}") = "FPL_StaticLib_Client", "FPL_StaticLib_Client\FPL_StaticLib_Client.vcxproj", "{17187DDE-AC12-4922-99D7-B1B4FCFB115E}"
EndProject
Project("{8BC9CEB8-8B4A-11D0-8D11-00A0C91BC942}") = "FPL_Crackout", "FPL_Crackout\FPL_Crackout.vcxproj", "{70E43E83-848B-4DAA-BE62-8EDEC86B3044}"
EndProject
Project("{8BC9CEB8-8B4A-11D0-8D11-00A0C91BC942}") = "FPL_Towadev", "FPL_Towadev\FPL_Towadev.vcxproj", "{4E7070B3-008C-4C21-8E26-6637DC547F89}"
EndProject
Project("{8BC9CEB8-8B4A-11D0-8D11-00A0C91BC942}") = "FPL_ImageViewer", "FPL_ImageViewer\FPL_ImageViewer.vcxproj", "{6DE47F7B-70B5-4242-95B9-7FF6A3C25608}"
EndProject
Project("{8BC9CEB8-8B4A-11D0-8D11-00A0C91BC942}") = "Final_Testbed", "Final_Testbed\Final_Testbed.vcxproj", "{03CC7AFC-BC34-4573-89B4-7086B7BA7728}"
EndProject
Project("{8BC9CEB8-8B4A-11D0-8D11-00A0C91BC942}") = "FPL_Input", "FPL_Input\FPL_Input.vcxproj", "{72039B1E-BEAB-4462-AA83-FD6956F21E5F}"
EndProject
Project("{8BC9CEB8-8B4A-11D0-8D11-00A0C91BC942}") = "FPL_MiniAudio", "FPL_MiniAL\FPL_MiniAL.vcxproj", "{CD54F8FA-CBFC-4C14-964D-DD55814DF448}"
EndProject
Project("{8BC9CEB8-8B4A-11D0-8D11-00A0C91BC942}") = "FPL_NoRuntimeLinking", "FPL_NoRuntimeLinking\FPL_NoRuntimeLinking.vcxproj", "{01F59612-1023-4A62-865A-3BE1700C4C55}"
EndProject
Project("{8BC9CEB8-8B4A-11D0-8D11-00A0C91BC942}") = "FPL_DynamicLib_Host", "FPL_DynamicLib_Host\FPL_DynamicLib_Host.vcxproj", "{95EE6855-8700-47F6-B3B5-5E7B2415876C}"
EndProject
Project("{8BC9CEB8-8B4A-11D0-8D11-00A0C91BC942}") = "FPL_DynamicLib_Client", "FPL_DynamicLib_Client\FPL_DynamicLib_Client.vcxproj", "{93CCCC51-812E-497B-868F-E562501F47C7}"
	ProjectSection(ProjectDependencies) = postProject
		{95EE6855-8700-47F6-B3B5-5E7B2415876C} = {95EE6855-8700-47F6-B3B5-5E7B2415876C}
	EndProjectSection
EndProject
Project("{8BC9CEB8-8B4A-11D0-8D11-00A0C91BC942}") = "FPL_Raytracer", "FPL_Raytracer\FPL_Raytracer.vcxproj", "{2D2B95D3-1940-483A-866F-0F20F3F10A04}"
EndProject
Project("{2150E333-8FDC-42A3-9474-1A3956D46DE8}") = "Games", "Games", "{2269BD5B-699F-4C9E-A738-7AAAFBB47048}"
EndProject
Project("{2150E333-8FDC-42A3-9474-1A3956D46DE8}") = "Video", "Video", "{84A9002B-7E81-4CC8-8C55-355D35A0B0FE}"
EndProject
Project("{2150E333-8FDC-42A3-9474-1A3956D46DE8}") = "Audio", "Audio", "{D911E31B-E38C-4F2A-A836-56C83F59F0CE}"
EndProject
Project("{2150E333-8FDC-42A3-9474-1A3956D46DE8}") = "Apps", "Apps", "{EC7F8001-817D-4F5B-B196-0BB9EEC9561E}"
EndProject
Project("{2150E333-8FDC-42A3-9474-1A3956D46DE8}") = "3rdParty", "3rdParty", "{B9132826-129A-4E65-ABA8-CA3EDDC17E42}"
EndProject
Project("{2150E333-8FDC-42A3-9474-1A3956D46DE8}") = "Input", "Input", "{387FB5CC-CC58-40FE-A019-9346BDB4575D}"
EndProject
Project("{2150E333-8FDC-42A3-9474-1A3956D46DE8}") = "Linking", "Linking", "{379BA9F9-3371-4C93-9BAF-37687D2D9E39}"
EndProject
Project("{2150E333-8FDC-42A3-9474-1A3956D46DE8}") = "Tests", "Tests", "{7A39DF50-9D48-4DB0-AAC4-190A4354E5AB}"
EndProject
Project("{2150E333-8FDC-42A3-9474-1A3956D46DE8}") = "Basic", "Basic", "{C005FD6D-BED7-4B18-85B7-068F31C8E8AB}"
EndProject
Project("{8BC9CEB8-8B4A-11D0-8D11-00A0C91BC942}") = "FPL_GameTemplate", "FPL_GameTemplate\fpl_gametemplate.vcxproj", "{E59D20EC-C9C2-4238-8299-9611EDA86E54}"
EndProject
Project("{8BC9CEB8-8B4A-11D0-8D11-00A0C91BC942}") = "FPL_Presentation", "FPL_Presentation\FPL_Presentation.vcxproj", "{7356125E-048E-49B8-8385-30A0D376740F}"
EndProject
Project("{8BC9CEB8-8B4A-11D0-8D11-00A0C91BC942}") = "Final_AudioTest", "Final_AudioTest\Final_AudioTest.vcxproj", "{12318F39-288D-4DE2-8104-32BA1F93942E}"
EndProject
Project("{8BC9CEB8-8B4A-11D0-8D11-00A0C91BC942}") = "FPL_NoPlatformIncludes", "FPL_NoPlatformIncludes\FPL_NoPlatformIncludes.vcxproj", "{F8850E14-C75C-4089-BFAB-20027F8196D8}"
EndProject
Global
	GlobalSection(SolutionConfigurationPlatforms) = preSolution
		Debug|x64 = Debug|x64
		Debug|x86 = Debug|x86
		Release|x64 = Release|x64
		Release|x86 = Release|x86
	EndGlobalSection
	GlobalSection(ProjectConfigurationPlatforms) = postSolution
		{4D324317-CB24-4B90-AEDA-EA084FF25C2D}.Debug|x64.ActiveCfg = Debug|x64
		{4D324317-CB24-4B90-AEDA-EA084FF25C2D}.Debug|x64.Build.0 = Debug|x64
		{4D324317-CB24-4B90-AEDA-EA084FF25C2D}.Debug|x86.ActiveCfg = Debug|Win32
		{4D324317-CB24-4B90-AEDA-EA084FF25C2D}.Debug|x86.Build.0 = Debug|Win32
		{4D324317-CB24-4B90-AEDA-EA084FF25C2D}.Release|x64.ActiveCfg = Release|x64
		{4D324317-CB24-4B90-AEDA-EA084FF25C2D}.Release|x64.Build.0 = Release|x64
		{4D324317-CB24-4B90-AEDA-EA084FF25C2D}.Release|x86.ActiveCfg = Release|Win32
		{4D324317-CB24-4B90-AEDA-EA084FF25C2D}.Release|x86.Build.0 = Release|Win32
		{C3210A26-9861-42E9-8966-20682380CDD7}.Debug|x64.ActiveCfg = Debug|x64
		{C3210A26-9861-42E9-8966-20682380CDD7}.Debug|x64.Build.0 = Debug|x64
		{C3210A26-9861-42E9-8966-20682380CDD7}.Debug|x86.ActiveCfg = Debug|Win32
		{C3210A26-9861-42E9-8966-20682380CDD7}.Debug|x86.Build.0 = Debug|Win32
		{C3210A26-9861-42E9-8966-20682380CDD7}.Release|x64.ActiveCfg = Release|x64
		{C3210A26-9861-42E9-8966-20682380CDD7}.Release|x64.Build.0 = Release|x64
		{C3210A26-9861-42E9-8966-20682380CDD7}.Release|x86.ActiveCfg = Release|Win32
		{C3210A26-9861-42E9-8966-20682380CDD7}.Release|x86.Build.0 = Release|Win32
		{BD5796B9-EF6B-45BD-8FB2-E737EE0750ED}.Debug|x64.ActiveCfg = Debug|x64
		{BD5796B9-EF6B-45BD-8FB2-E737EE0750ED}.Debug|x64.Build.0 = Debug|x64
		{BD5796B9-EF6B-45BD-8FB2-E737EE0750ED}.Debug|x86.ActiveCfg = Debug|Win32
		{BD5796B9-EF6B-45BD-8FB2-E737EE0750ED}.Debug|x86.Build.0 = Debug|Win32
		{BD5796B9-EF6B-45BD-8FB2-E737EE0750ED}.Release|x64.ActiveCfg = Release|x64
		{BD5796B9-EF6B-45BD-8FB2-E737EE0750ED}.Release|x64.Build.0 = Release|x64
		{BD5796B9-EF6B-45BD-8FB2-E737EE0750ED}.Release|x86.ActiveCfg = Release|Win32
		{BD5796B9-EF6B-45BD-8FB2-E737EE0750ED}.Release|x86.Build.0 = Release|Win32
		{9179B4A1-2960-4F36-AEA8-455A87C979B6}.Debug|x64.ActiveCfg = Debug|x64
		{9179B4A1-2960-4F36-AEA8-455A87C979B6}.Debug|x64.Build.0 = Debug|x64
		{9179B4A1-2960-4F36-AEA8-455A87C979B6}.Debug|x86.ActiveCfg = Debug|Win32
		{9179B4A1-2960-4F36-AEA8-455A87C979B6}.Debug|x86.Build.0 = Debug|Win32
		{9179B4A1-2960-4F36-AEA8-455A87C979B6}.Release|x64.ActiveCfg = Release|x64
		{9179B4A1-2960-4F36-AEA8-455A87C979B6}.Release|x64.Build.0 = Release|x64
		{9179B4A1-2960-4F36-AEA8-455A87C979B6}.Release|x86.ActiveCfg = Release|Win32
		{9179B4A1-2960-4F36-AEA8-455A87C979B6}.Release|x86.Build.0 = Release|Win32
		{EA0FE726-7868-4779-9134-17EEBA2F7159}.Debug|x64.ActiveCfg = Debug|x64
		{EA0FE726-7868-4779-9134-17EEBA2F7159}.Debug|x64.Build.0 = Debug|x64
		{EA0FE726-7868-4779-9134-17EEBA2F7159}.Debug|x86.ActiveCfg = Debug|Win32
		{EA0FE726-7868-4779-9134-17EEBA2F7159}.Debug|x86.Build.0 = Debug|Win32
		{EA0FE726-7868-4779-9134-17EEBA2F7159}.Release|x64.ActiveCfg = Release|x64
		{EA0FE726-7868-4779-9134-17EEBA2F7159}.Release|x64.Build.0 = Release|x64
		{EA0FE726-7868-4779-9134-17EEBA2F7159}.Release|x86.ActiveCfg = Release|Win32
		{EA0FE726-7868-4779-9134-17EEBA2F7159}.Release|x86.Build.0 = Release|Win32
		{32DFE331-08FD-4D82-BBE0-5641BE5B35D0}.Debug|x64.ActiveCfg = Debug|x64
		{32DFE331-08FD-4D82-BBE0-5641BE5B35D0}.Debug|x64.Build.0 = Debug|x64
		{32DFE331-08FD-4D82-BBE0-5641BE5B35D0}.Debug|x86.ActiveCfg = Debug|Win32
		{32DFE331-08FD-4D82-BBE0-5641BE5B35D0}.Debug|x86.Build.0 = Debug|Win32
		{32DFE331-08FD-4D82-BBE0-5641BE5B35D0}.Release|x64.ActiveCfg = Release|x64
		{32DFE331-08FD-4D82-BBE0-5641BE5B35D0}.Release|x64.Build.0 = Release|x64
		{32DFE331-08FD-4D82-BBE0-5641BE5B35D0}.Release|x86.ActiveCfg = Release|Win32
		{32DFE331-08FD-4D82-BBE0-5641BE5B35D0}.Release|x86.Build.0 = Release|Win32
		{F570E90E-7E14-4442-B66E-72F9284B6BB5}.Debug|x64.ActiveCfg = Debug|x64
		{F570E90E-7E14-4442-B66E-72F9284B6BB5}.Debug|x64.Build.0 = Debug|x64
		{F570E90E-7E14-4442-B66E-72F9284B6BB5}.Debug|x86.ActiveCfg = Debug|Win32
		{F570E90E-7E14-4442-B66E-72F9284B6BB5}.Debug|x86.Build.0 = Debug|Win32
		{F570E90E-7E14-4442-B66E-72F9284B6BB5}.Release|x64.ActiveCfg = Release|x64
		{F570E90E-7E14-4442-B66E-72F9284B6BB5}.Release|x64.Build.0 = Release|x64
		{F570E90E-7E14-4442-B66E-72F9284B6BB5}.Release|x86.ActiveCfg = Release|Win32
		{F570E90E-7E14-4442-B66E-72F9284B6BB5}.Release|x86.Build.0 = Release|Win32
		{E604E511-50CF-4F97-917E-CA2DC4AD30EB}.Debug|x64.ActiveCfg = Debug|x64
		{E604E511-50CF-4F97-917E-CA2DC4AD30EB}.Debug|x64.Build.0 = Debug|x64
		{E604E511-50CF-4F97-917E-CA2DC4AD30EB}.Debug|x86.ActiveCfg = Debug|Win32
		{E604E511-50CF-4F97-917E-CA2DC4AD30EB}.Debug|x86.Build.0 = Debug|Win32
		{E604E511-50CF-4F97-917E-CA2DC4AD30EB}.Release|x64.ActiveCfg = Release|x64
		{E604E511-50CF-4F97-917E-CA2DC4AD30EB}.Release|x64.Build.0 = Release|x64
		{E604E511-50CF-4F97-917E-CA2DC4AD30EB}.Release|x86.ActiveCfg = Release|Win32
		{E604E511-50CF-4F97-917E-CA2DC4AD30EB}.Release|x86.Build.0 = Release|Win32
		{071A2132-7FA8-41C3-9A76-982FD02299ED}.Debug|x64.ActiveCfg = Debug|x64
		{071A2132-7FA8-41C3-9A76-982FD02299ED}.Debug|x64.Build.0 = Debug|x64
		{071A2132-7FA8-41C3-9A76-982FD02299ED}.Debug|x86.ActiveCfg = Debug|Win32
		{071A2132-7FA8-41C3-9A76-982FD02299ED}.Debug|x86.Build.0 = Debug|Win32
		{071A2132-7FA8-41C3-9A76-982FD02299ED}.Release|x64.ActiveCfg = Release|x64
		{071A2132-7FA8-41C3-9A76-982FD02299ED}.Release|x64.Build.0 = Release|x64
		{071A2132-7FA8-41C3-9A76-982FD02299ED}.Release|x86.ActiveCfg = Release|Win32
		{071A2132-7FA8-41C3-9A76-982FD02299ED}.Release|x86.Build.0 = Release|Win32
		{2E7B676A-BF53-44B1-AF2A-DF8A4AB7AEC2}.Debug|x64.ActiveCfg = Debug|x64
		{2E7B676A-BF53-44B1-AF2A-DF8A4AB7AEC2}.Debug|x64.Build.0 = Debug|x64
		{2E7B676A-BF53-44B1-AF2A-DF8A4AB7AEC2}.Debug|x86.ActiveCfg = Debug|Win32
		{2E7B676A-BF53-44B1-AF2A-DF8A4AB7AEC2}.Debug|x86.Build.0 = Debug|Win32
		{2E7B676A-BF53-44B1-AF2A-DF8A4AB7AEC2}.Release|x64.ActiveCfg = Release|x64
		{2E7B676A-BF53-44B1-AF2A-DF8A4AB7AEC2}.Release|x64.Build.0 = Release|x64
		{2E7B676A-BF53-44B1-AF2A-DF8A4AB7AEC2}.Release|x86.ActiveCfg = Release|Win32
		{2E7B676A-BF53-44B1-AF2A-DF8A4AB7AEC2}.Release|x86.Build.0 = Release|Win32
		{17187DDE-AC12-4922-99D7-B1B4FCFB115E}.Debug|x64.ActiveCfg = Debug|x64
		{17187DDE-AC12-4922-99D7-B1B4FCFB115E}.Debug|x64.Build.0 = Debug|x64
		{17187DDE-AC12-4922-99D7-B1B4FCFB115E}.Debug|x86.ActiveCfg = Debug|Win32
		{17187DDE-AC12-4922-99D7-B1B4FCFB115E}.Debug|x86.Build.0 = Debug|Win32
		{17187DDE-AC12-4922-99D7-B1B4FCFB115E}.Release|x64.ActiveCfg = Release|x64
		{17187DDE-AC12-4922-99D7-B1B4FCFB115E}.Release|x64.Build.0 = Release|x64
		{17187DDE-AC12-4922-99D7-B1B4FCFB115E}.Release|x86.ActiveCfg = Release|Win32
		{17187DDE-AC12-4922-99D7-B1B4FCFB115E}.Release|x86.Build.0 = Release|Win32
		{70E43E83-848B-4DAA-BE62-8EDEC86B3044}.Debug|x64.ActiveCfg = Debug|x64
		{70E43E83-848B-4DAA-BE62-8EDEC86B3044}.Debug|x64.Build.0 = Debug|x64
		{70E43E83-848B-4DAA-BE62-8EDEC86B3044}.Debug|x86.ActiveCfg = Debug|Win32
		{70E43E83-848B-4DAA-BE62-8EDEC86B3044}.Debug|x86.Build.0 = Debug|Win32
		{70E43E83-848B-4DAA-BE62-8EDEC86B3044}.Release|x64.ActiveCfg = Release|x64
		{70E43E83-848B-4DAA-BE62-8EDEC86B3044}.Release|x64.Build.0 = Release|x64
		{70E43E83-848B-4DAA-BE62-8EDEC86B3044}.Release|x86.ActiveCfg = Release|Win32
		{70E43E83-848B-4DAA-BE62-8EDEC86B3044}.Release|x86.Build.0 = Release|Win32
		{4E7070B3-008C-4C21-8E26-6637DC547F89}.Debug|x64.ActiveCfg = Debug|x64
		{4E7070B3-008C-4C21-8E26-6637DC547F89}.Debug|x64.Build.0 = Debug|x64
		{4E7070B3-008C-4C21-8E26-6637DC547F89}.Debug|x86.ActiveCfg = Debug|Win32
		{4E7070B3-008C-4C21-8E26-6637DC547F89}.Debug|x86.Build.0 = Debug|Win32
		{4E7070B3-008C-4C21-8E26-6637DC547F89}.Release|x64.ActiveCfg = Release|x64
		{4E7070B3-008C-4C21-8E26-6637DC547F89}.Release|x64.Build.0 = Release|x64
		{4E7070B3-008C-4C21-8E26-6637DC547F89}.Release|x86.ActiveCfg = Release|Win32
		{4E7070B3-008C-4C21-8E26-6637DC547F89}.Release|x86.Build.0 = Release|Win32
		{6DE47F7B-70B5-4242-95B9-7FF6A3C25608}.Debug|x64.ActiveCfg = Debug|x64
		{6DE47F7B-70B5-4242-95B9-7FF6A3C25608}.Debug|x64.Build.0 = Debug|x64
		{6DE47F7B-70B5-4242-95B9-7FF6A3C25608}.Debug|x86.ActiveCfg = Debug|Win32
		{6DE47F7B-70B5-4242-95B9-7FF6A3C25608}.Debug|x86.Build.0 = Debug|Win32
		{6DE47F7B-70B5-4242-95B9-7FF6A3C25608}.Release|x64.ActiveCfg = Release|x64
		{6DE47F7B-70B5-4242-95B9-7FF6A3C25608}.Release|x64.Build.0 = Release|x64
		{6DE47F7B-70B5-4242-95B9-7FF6A3C25608}.Release|x86.ActiveCfg = Release|Win32
		{6DE47F7B-70B5-4242-95B9-7FF6A3C25608}.Release|x86.Build.0 = Release|Win32
		{03CC7AFC-BC34-4573-89B4-7086B7BA7728}.Debug|x64.ActiveCfg = Debug|x64
		{03CC7AFC-BC34-4573-89B4-7086B7BA7728}.Debug|x64.Build.0 = Debug|x64
		{03CC7AFC-BC34-4573-89B4-7086B7BA7728}.Debug|x86.ActiveCfg = Debug|Win32
		{03CC7AFC-BC34-4573-89B4-7086B7BA7728}.Debug|x86.Build.0 = Debug|Win32
		{03CC7AFC-BC34-4573-89B4-7086B7BA7728}.Release|x64.ActiveCfg = Release|x64
		{03CC7AFC-BC34-4573-89B4-7086B7BA7728}.Release|x64.Build.0 = Release|x64
		{03CC7AFC-BC34-4573-89B4-7086B7BA7728}.Release|x86.ActiveCfg = Release|Win32
		{03CC7AFC-BC34-4573-89B4-7086B7BA7728}.Release|x86.Build.0 = Release|Win32
		{72039B1E-BEAB-4462-AA83-FD6956F21E5F}.Debug|x64.ActiveCfg = Debug|x64
		{72039B1E-BEAB-4462-AA83-FD6956F21E5F}.Debug|x64.Build.0 = Debug|x64
		{72039B1E-BEAB-4462-AA83-FD6956F21E5F}.Debug|x86.ActiveCfg = Debug|Win32
		{72039B1E-BEAB-4462-AA83-FD6956F21E5F}.Debug|x86.Build.0 = Debug|Win32
		{72039B1E-BEAB-4462-AA83-FD6956F21E5F}.Release|x64.ActiveCfg = Release|x64
		{72039B1E-BEAB-4462-AA83-FD6956F21E5F}.Release|x64.Build.0 = Release|x64
		{72039B1E-BEAB-4462-AA83-FD6956F21E5F}.Release|x86.ActiveCfg = Release|Win32
		{72039B1E-BEAB-4462-AA83-FD6956F21E5F}.Release|x86.Build.0 = Release|Win32
		{CD54F8FA-CBFC-4C14-964D-DD55814DF448}.Debug|x64.ActiveCfg = Debug|x64
		{CD54F8FA-CBFC-4C14-964D-DD55814DF448}.Debug|x64.Build.0 = Debug|x64
		{CD54F8FA-CBFC-4C14-964D-DD55814DF448}.Debug|x86.ActiveCfg = Debug|Win32
		{CD54F8FA-CBFC-4C14-964D-DD55814DF448}.Debug|x86.Build.0 = Debug|Win32
		{CD54F8FA-CBFC-4C14-964D-DD55814DF448}.Release|x64.ActiveCfg = Release|x64
		{CD54F8FA-CBFC-4C14-964D-DD55814DF448}.Release|x64.Build.0 = Release|x64
		{CD54F8FA-CBFC-4C14-964D-DD55814DF448}.Release|x86.ActiveCfg = Release|Win32
		{CD54F8FA-CBFC-4C14-964D-DD55814DF448}.Release|x86.Build.0 = Release|Win32
		{01F59612-1023-4A62-865A-3BE1700C4C55}.Debug|x64.ActiveCfg = Debug|x64
		{01F59612-1023-4A62-865A-3BE1700C4C55}.Debug|x64.Build.0 = Debug|x64
		{01F59612-1023-4A62-865A-3BE1700C4C55}.Debug|x86.ActiveCfg = Debug|Win32
		{01F59612-1023-4A62-865A-3BE1700C4C55}.Debug|x86.Build.0 = Debug|Win32
		{01F59612-1023-4A62-865A-3BE1700C4C55}.Release|x64.ActiveCfg = Release|x64
		{01F59612-1023-4A62-865A-3BE1700C4C55}.Release|x64.Build.0 = Release|x64
		{01F59612-1023-4A62-865A-3BE1700C4C55}.Release|x86.ActiveCfg = Release|Win32
		{01F59612-1023-4A62-865A-3BE1700C4C55}.Release|x86.Build.0 = Release|Win32
		{95EE6855-8700-47F6-B3B5-5E7B2415876C}.Debug|x64.ActiveCfg = Debug|x64
		{95EE6855-8700-47F6-B3B5-5E7B2415876C}.Debug|x64.Build.0 = Debug|x64
		{95EE6855-8700-47F6-B3B5-5E7B2415876C}.Debug|x86.ActiveCfg = Debug|Win32
		{95EE6855-8700-47F6-B3B5-5E7B2415876C}.Debug|x86.Build.0 = Debug|Win32
		{95EE6855-8700-47F6-B3B5-5E7B2415876C}.Release|x64.ActiveCfg = Release|x64
		{95EE6855-8700-47F6-B3B5-5E7B2415876C}.Release|x64.Build.0 = Release|x64
		{95EE6855-8700-47F6-B3B5-5E7B2415876C}.Release|x86.ActiveCfg = Release|Win32
		{95EE6855-8700-47F6-B3B5-5E7B2415876C}.Release|x86.Build.0 = Release|Win32
		{93CCCC51-812E-497B-868F-E562501F47C7}.Debug|x64.ActiveCfg = Debug|x64
		{93CCCC51-812E-497B-868F-E562501F47C7}.Debug|x64.Build.0 = Debug|x64
		{93CCCC51-812E-497B-868F-E562501F47C7}.Debug|x86.ActiveCfg = Debug|Win32
		{93CCCC51-812E-497B-868F-E562501F47C7}.Debug|x86.Build.0 = Debug|Win32
		{93CCCC51-812E-497B-868F-E562501F47C7}.Release|x64.ActiveCfg = Release|x64
		{93CCCC51-812E-497B-868F-E562501F47C7}.Release|x64.Build.0 = Release|x64
		{93CCCC51-812E-497B-868F-E562501F47C7}.Release|x86.ActiveCfg = Release|Win32
		{93CCCC51-812E-497B-868F-E562501F47C7}.Release|x86.Build.0 = Release|Win32
		{2D2B95D3-1940-483A-866F-0F20F3F10A04}.Debug|x64.ActiveCfg = Debug|x64
		{2D2B95D3-1940-483A-866F-0F20F3F10A04}.Debug|x64.Build.0 = Debug|x64
		{2D2B95D3-1940-483A-866F-0F20F3F10A04}.Debug|x86.ActiveCfg = Debug|Win32
		{2D2B95D3-1940-483A-866F-0F20F3F10A04}.Debug|x86.Build.0 = Debug|Win32
		{2D2B95D3-1940-483A-866F-0F20F3F10A04}.Release|x64.ActiveCfg = Release|x64
		{2D2B95D3-1940-483A-866F-0F20F3F10A04}.Release|x64.Build.0 = Release|x64
		{2D2B95D3-1940-483A-866F-0F20F3F10A04}.Release|x86.ActiveCfg = Release|Win32
		{2D2B95D3-1940-483A-866F-0F20F3F10A04}.Release|x86.Build.0 = Release|Win32
		{E59D20EC-C9C2-4238-8299-9611EDA86E54}.Debug|x64.ActiveCfg = Debug|x64
		{E59D20EC-C9C2-4238-8299-9611EDA86E54}.Debug|x64.Build.0 = Debug|x64
		{E59D20EC-C9C2-4238-8299-9611EDA86E54}.Debug|x86.ActiveCfg = Debug|Win32
		{E59D20EC-C9C2-4238-8299-9611EDA86E54}.Debug|x86.Build.0 = Debug|Win32
		{E59D20EC-C9C2-4238-8299-9611EDA86E54}.Release|x64.ActiveCfg = Release|x64
		{E59D20EC-C9C2-4238-8299-9611EDA86E54}.Release|x64.Build.0 = Release|x64
		{E59D20EC-C9C2-4238-8299-9611EDA86E54}.Release|x86.ActiveCfg = Release|Win32
		{E59D20EC-C9C2-4238-8299-9611EDA86E54}.Release|x86.Build.0 = Release|Win32
		{7356125E-048E-49B8-8385-30A0D376740F}.Debug|x64.ActiveCfg = Debug|x64
		{7356125E-048E-49B8-8385-30A0D376740F}.Debug|x64.Build.0 = Debug|x64
		{7356125E-048E-49B8-8385-30A0D376740F}.Debug|x86.ActiveCfg = Debug|Win32
		{7356125E-048E-49B8-8385-30A0D376740F}.Debug|x86.Build.0 = Debug|Win32
		{7356125E-048E-49B8-8385-30A0D376740F}.Release|x64.ActiveCfg = Release|x64
		{7356125E-048E-49B8-8385-30A0D376740F}.Release|x64.Build.0 = Release|x64
		{7356125E-048E-49B8-8385-30A0D376740F}.Release|x86.ActiveCfg = Release|Win32
		{7356125E-048E-49B8-8385-30A0D376740F}.Release|x86.Build.0 = Release|Win32
		{12318F39-288D-4DE2-8104-32BA1F93942E}.Debug|x64.ActiveCfg = Debug|x64
		{12318F39-288D-4DE2-8104-32BA1F93942E}.Debug|x64.Build.0 = Debug|x64
		{12318F39-288D-4DE2-8104-32BA1F93942E}.Debug|x86.ActiveCfg = Debug|Win32
		{12318F39-288D-4DE2-8104-32BA1F93942E}.Debug|x86.Build.0 = Debug|Win32
		{12318F39-288D-4DE2-8104-32BA1F93942E}.Release|x64.ActiveCfg = Release|x64
		{12318F39-288D-4DE2-8104-32BA1F93942E}.Release|x64.Build.0 = Release|x64
		{12318F39-288D-4DE2-8104-32BA1F93942E}.Release|x86.ActiveCfg = Release|Win32
		{12318F39-288D-4DE2-8104-32BA1F93942E}.Release|x86.Build.0 = Release|Win32
		{F8850E14-C75C-4089-BFAB-20027F8196D8}.Debug|x64.ActiveCfg = Debug|x64
		{F8850E14-C75C-4089-BFAB-20027F8196D8}.Debug|x64.Build.0 = Debug|x64
		{F8850E14-C75C-4089-BFAB-20027F8196D8}.Debug|x86.ActiveCfg = Debug|Win32
		{F8850E14-C75C-4089-BFAB-20027F8196D8}.Debug|x86.Build.0 = Debug|Win32
		{F8850E14-C75C-4089-BFAB-20027F8196D8}.Release|x64.ActiveCfg = Release|x64
		{F8850E14-C75C-4089-BFAB-20027F8196D8}.Release|x64.Build.0 = Release|x64
		{F8850E14-C75C-4089-BFAB-20027F8196D8}.Release|x86.ActiveCfg = Release|Win32
		{F8850E14-C75C-4089-BFAB-20027F8196D8}.Release|x86.Build.0 = Release|Win32
	EndGlobalSection
	GlobalSection(SolutionProperties) = preSolution
		HideSolutionNode = FALSE
	EndGlobalSection
	GlobalSection(NestedProjects) = preSolution
		{4D324317-CB24-4B90-AEDA-EA084FF25C2D} = {84A9002B-7E81-4CC8-8C55-355D35A0B0FE}
		{C3210A26-9861-42E9-8966-20682380CDD7} = {C005FD6D-BED7-4B18-85B7-068F31C8E8AB}
		{BD5796B9-EF6B-45BD-8FB2-E737EE0750ED} = {B9132826-129A-4E65-ABA8-CA3EDDC17E42}
		{9179B4A1-2960-4F36-AEA8-455A87C979B6} = {84A9002B-7E81-4CC8-8C55-355D35A0B0FE}
		{EA0FE726-7868-4779-9134-17EEBA2F7159} = {EC7F8001-817D-4F5B-B196-0BB9EEC9561E}
		{32DFE331-08FD-4D82-BBE0-5641BE5B35D0} = {D911E31B-E38C-4F2A-A836-56C83F59F0CE}
		{F570E90E-7E14-4442-B66E-72F9284B6BB5} = {7A39DF50-9D48-4DB0-AAC4-190A4354E5AB}
		{E604E511-50CF-4F97-917E-CA2DC4AD30EB} = {C005FD6D-BED7-4B18-85B7-068F31C8E8AB}
		{071A2132-7FA8-41C3-9A76-982FD02299ED} = {379BA9F9-3371-4C93-9BAF-37687D2D9E39}
		{2E7B676A-BF53-44B1-AF2A-DF8A4AB7AEC2} = {379BA9F9-3371-4C93-9BAF-37687D2D9E39}
		{17187DDE-AC12-4922-99D7-B1B4FCFB115E} = {379BA9F9-3371-4C93-9BAF-37687D2D9E39}
		{70E43E83-848B-4DAA-BE62-8EDEC86B3044} = {2269BD5B-699F-4C9E-A738-7AAAFBB47048}
		{4E7070B3-008C-4C21-8E26-6637DC547F89} = {2269BD5B-699F-4C9E-A738-7AAAFBB47048}
		{6DE47F7B-70B5-4242-95B9-7FF6A3C25608} = {EC7F8001-817D-4F5B-B196-0BB9EEC9561E}
		{03CC7AFC-BC34-4573-89B4-7086B7BA7728} = {7A39DF50-9D48-4DB0-AAC4-190A4354E5AB}
		{72039B1E-BEAB-4462-AA83-FD6956F21E5F} = {387FB5CC-CC58-40FE-A019-9346BDB4575D}
		{CD54F8FA-CBFC-4C14-964D-DD55814DF448} = {B9132826-129A-4E65-ABA8-CA3EDDC17E42}
		{01F59612-1023-4A62-865A-3BE1700C4C55} = {379BA9F9-3371-4C93-9BAF-37687D2D9E39}
		{95EE6855-8700-47F6-B3B5-5E7B2415876C} = {379BA9F9-3371-4C93-9BAF-37687D2D9E39}
		{93CCCC51-812E-497B-868F-E562501F47C7} = {379BA9F9-3371-4C93-9BAF-37687D2D9E39}
		{2D2B95D3-1940-483A-866F-0F20F3F10A04} = {EC7F8001-817D-4F5B-B196-0BB9EEC9561E}
		{E59D20EC-C9C2-4238-8299-9611EDA86E54} = {2269BD5B-699F-4C9E-A738-7AAAFBB47048}
		{7356125E-048E-49B8-8385-30A0D376740F} = {EC7F8001-817D-4F5B-B196-0BB9EEC9561E}
		{12318F39-288D-4DE2-8104-32BA1F93942E} = {7A39DF50-9D48-4DB0-AAC4-190A4354E5AB}
		{F8850E14-C75C-4089-BFAB-20027F8196D8} = {379BA9F9-3371-4C93-9BAF-37687D2D9E39}
	EndGlobalSection
	GlobalSection(ExtensibilityGlobals) = postSolution
		SolutionGuid = {D82F19D2-526F-4636-9975-883A59A9CE5A}
	EndGlobalSection
EndGlobal
